// !$*UTF8*$!
{
	archiveVersion = 1;
	classes = {
	};
	objectVersion = 46;
	objects = {

/* Begin PBXBuildFile section */
		DD1B2CA11AC92AD100774D3E /* Detail.xcassets in Resources */ = {isa = PBXBuildFile; fileRef = DD1B2CA01AC92AD100774D3E /* Detail.xcassets */; };
		DD4966131AE4F2CD00872D8E /* MWPhotoBrowser.bundle in Resources */ = {isa = PBXBuildFile; fileRef = DD4966121AE4F2CD00872D8E /* MWPhotoBrowser.bundle */; };
		DD4966191AE4F96B00872D8E /* SVViewController.m in Sources */ = {isa = PBXBuildFile; fileRef = DD4966161AE4F96B00872D8E /* SVViewController.m */; };
		DD49661A1AE4F96B00872D8E /* SVAnnotation.m in Sources */ = {isa = PBXBuildFile; fileRef = DD4966181AE4F96B00872D8E /* SVAnnotation.m */; };
		DD49661D1AE4F97B00872D8E /* SVPulsingAnnotationView.m in Sources */ = {isa = PBXBuildFile; fileRef = DD49661C1AE4F97B00872D8E /* SVPulsingAnnotationView.m */; };
		DD7238D41ABBB0C8004D70FE /* Foundation.framework in Frameworks */ = {isa = PBXBuildFile; fileRef = DD7238D31ABBB0C8004D70FE /* Foundation.framework */; };
		DD7238D61ABBB0C8004D70FE /* CoreGraphics.framework in Frameworks */ = {isa = PBXBuildFile; fileRef = DD7238D51ABBB0C8004D70FE /* CoreGraphics.framework */; };
		DD7238D81ABBB0C8004D70FE /* UIKit.framework in Frameworks */ = {isa = PBXBuildFile; fileRef = DD7238D71ABBB0C8004D70FE /* UIKit.framework */; };
		DD7238DE1ABBB0C8004D70FE /* InfoPlist.strings in Resources */ = {isa = PBXBuildFile; fileRef = DD7238DC1ABBB0C8004D70FE /* InfoPlist.strings */; };
		DD7238E01ABBB0C8004D70FE /* main.m in Sources */ = {isa = PBXBuildFile; fileRef = DD7238DF1ABBB0C8004D70FE /* main.m */; };
		DD7238E41ABBB0C8004D70FE /* AppDelegate.m in Sources */ = {isa = PBXBuildFile; fileRef = DD7238E31ABBB0C8004D70FE /* AppDelegate.m */; };
		DD7238E71ABBB0C8004D70FE /* Main.storyboard in Resources */ = {isa = PBXBuildFile; fileRef = DD7238E51ABBB0C8004D70FE /* Main.storyboard */; };
		DD7238EA1ABBB0C8004D70FE /* ViewController.m in Sources */ = {isa = PBXBuildFile; fileRef = DD7238E91ABBB0C8004D70FE /* ViewController.m */; };
		DD7238EC1ABBB0C8004D70FE /* Images.xcassets in Resources */ = {isa = PBXBuildFile; fileRef = DD7238EB1ABBB0C8004D70FE /* Images.xcassets */; };
		DD7238F31ABBB0C8004D70FE /* XCTest.framework in Frameworks */ = {isa = PBXBuildFile; fileRef = DD7238F21ABBB0C8004D70FE /* XCTest.framework */; };
		DD7238F41ABBB0C8004D70FE /* Foundation.framework in Frameworks */ = {isa = PBXBuildFile; fileRef = DD7238D31ABBB0C8004D70FE /* Foundation.framework */; };
		DD7238F51ABBB0C8004D70FE /* UIKit.framework in Frameworks */ = {isa = PBXBuildFile; fileRef = DD7238D71ABBB0C8004D70FE /* UIKit.framework */; };
		DD7238FD1ABBB0C8004D70FE /* InfoPlist.strings in Resources */ = {isa = PBXBuildFile; fileRef = DD7238FB1ABBB0C8004D70FE /* InfoPlist.strings */; };
		DD7238FF1ABBB0C8004D70FE /* RaoVat69Tests.m in Sources */ = {isa = PBXBuildFile; fileRef = DD7238FE1ABBB0C8004D70FE /* RaoVat69Tests.m */; };
		DDB0A2D11AC2A923003BFF67 /* RootTabbar.m in Sources */ = {isa = PBXBuildFile; fileRef = DDB0A2D01AC2A923003BFF67 /* RootTabbar.m */; };
		DDB0A2D41AC2A94A003BFF67 /* Tabbar.xib in Resources */ = {isa = PBXBuildFile; fileRef = DDB0A2D31AC2A94A003BFF67 /* Tabbar.xib */; };
		DDB0A2D61AC2A9C7003BFF67 /* HomeSource.xcassets in Resources */ = {isa = PBXBuildFile; fileRef = DDB0A2D51AC2A9C7003BFF67 /* HomeSource.xcassets */; };
		DDB0A2DB1AC2F742003BFF67 /* LKSNAV.m in Sources */ = {isa = PBXBuildFile; fileRef = DDB0A2DA1AC2F742003BFF67 /* LKSNAV.m */; };
		DDB0A2E21AC2F764003BFF67 /* CRNavigationBar.m in Sources */ = {isa = PBXBuildFile; fileRef = DDB0A2DD1AC2F764003BFF67 /* CRNavigationBar.m */; };
		DDB0A2E31AC2F764003BFF67 /* CRNavigationController.m in Sources */ = {isa = PBXBuildFile; fileRef = DDB0A2DF1AC2F764003BFF67 /* CRNavigationController.m */; };
		DDB0A2E41AC2F764003BFF67 /* UIView+Roundify.m in Sources */ = {isa = PBXBuildFile; fileRef = DDB0A2E11AC2F764003BFF67 /* UIView+Roundify.m */; };
		DDB0A2EC1AC2F9E5003BFF67 /* TKController.m in Sources */ = {isa = PBXBuildFile; fileRef = DDB0A2EB1AC2F9E5003BFF67 /* TKController.m */; };
		DDB0A2EF1AC2F9EF003BFF67 /* QTController.m in Sources */ = {isa = PBXBuildFile; fileRef = DDB0A2EE1AC2F9EF003BFF67 /* QTController.m */; };
		DDB0A2F21AC2F9FA003BFF67 /* DMController.m in Sources */ = {isa = PBXBuildFile; fileRef = DDB0A2F11AC2F9FA003BFF67 /* DMController.m */; };
		DDB0A2F51AC2FA24003BFF67 /* XQController.m in Sources */ = {isa = PBXBuildFile; fileRef = DDB0A2F41AC2FA24003BFF67 /* XQController.m */; };
		DDB0A2F81AC2FA2D003BFF67 /* CDController.m in Sources */ = {isa = PBXBuildFile; fileRef = DDB0A2F71AC2FA2D003BFF67 /* CDController.m */; };
		DDB0A2FA1AC2FD13003BFF67 /* LoginRequest.xib in Resources */ = {isa = PBXBuildFile; fileRef = DDB0A2F91AC2FD13003BFF67 /* LoginRequest.xib */; };
		DDC2E7E01ABC17DE00EF5582 /* GoogleOpenSource.framework in Frameworks */ = {isa = PBXBuildFile; fileRef = DDC2E7DD1ABC17DE00EF5582 /* GoogleOpenSource.framework */; };
		DDC2E7E11ABC17DE00EF5582 /* GooglePlus.bundle in Resources */ = {isa = PBXBuildFile; fileRef = DDC2E7DE1ABC17DE00EF5582 /* GooglePlus.bundle */; };
		DDC2E7E21ABC17DE00EF5582 /* GooglePlus.framework in Frameworks */ = {isa = PBXBuildFile; fileRef = DDC2E7DF1ABC17DE00EF5582 /* GooglePlus.framework */; };
		DDC2E7E41ABC183300EF5582 /* AddressBook.framework in Frameworks */ = {isa = PBXBuildFile; fileRef = DDC2E7E31ABC183300EF5582 /* AddressBook.framework */; };
		DDC2E7E61ABC183800EF5582 /* AssetsLibrary.framework in Frameworks */ = {isa = PBXBuildFile; fileRef = DDC2E7E51ABC183800EF5582 /* AssetsLibrary.framework */; };
		DDC2E7E81ABC184500EF5582 /* CoreMotion.framework in Frameworks */ = {isa = PBXBuildFile; fileRef = DDC2E7E71ABC184500EF5582 /* CoreMotion.framework */; };
		DDC2E7EA1ABC185400EF5582 /* CoreText.framework in Frameworks */ = {isa = PBXBuildFile; fileRef = DDC2E7E91ABC185400EF5582 /* CoreText.framework */; };
		DDC2E7EC1ABC185A00EF5582 /* MediaPlayer.framework in Frameworks */ = {isa = PBXBuildFile; fileRef = DDC2E7EB1ABC185A00EF5582 /* MediaPlayer.framework */; };
		DDC2E7EE1ABC186000EF5582 /* Security.framework in Frameworks */ = {isa = PBXBuildFile; fileRef = DDC2E7ED1ABC186000EF5582 /* Security.framework */; };
		DDC2E7F01ABC186700EF5582 /* SystemConfiguration.framework in Frameworks */ = {isa = PBXBuildFile; fileRef = DDC2E7EF1ABC186700EF5582 /* SystemConfiguration.framework */; };
		DDC2E7F41ABC1B6800EF5582 /* UserGoole.m in Sources */ = {isa = PBXBuildFile; fileRef = DDC2E7F31ABC1B6800EF5582 /* UserGoole.m */; };
		DDC746EF1AE4B3A5006F8604 /* DTXQController.m in Sources */ = {isa = PBXBuildFile; fileRef = DDC746EE1AE4B3A5006F8604 /* DTXQController.m */; };
		DDC746F21AE4B3EA006F8604 /* DTXQHeader.xib in Resources */ = {isa = PBXBuildFile; fileRef = DDC746F11AE4B3EA006F8604 /* DTXQHeader.xib */; };
		DDC746F41AE4C395006F8604 /* ContentDetail.xib in Resources */ = {isa = PBXBuildFile; fileRef = DDC746F31AE4C395006F8604 /* ContentDetail.xib */; };
		DDC746F61AE4C3E1006F8604 /* IMGView1.xib in Resources */ = {isa = PBXBuildFile; fileRef = DDC746F51AE4C3E1006F8604 /* IMGView1.xib */; };
		DDC746FC1AE4C4CA006F8604 /* IMGView2.xib in Resources */ = {isa = PBXBuildFile; fileRef = DDC746F71AE4C4CA006F8604 /* IMGView2.xib */; };
		DDC746FD1AE4C4CA006F8604 /* IMGView3.xib in Resources */ = {isa = PBXBuildFile; fileRef = DDC746F81AE4C4CA006F8604 /* IMGView3.xib */; };
		DDC746FE1AE4C4CA006F8604 /* IMGView4.xib in Resources */ = {isa = PBXBuildFile; fileRef = DDC746F91AE4C4CA006F8604 /* IMGView4.xib */; };
		DDC746FF1AE4C4CA006F8604 /* IMGView5.xib in Resources */ = {isa = PBXBuildFile; fileRef = DDC746FA1AE4C4CA006F8604 /* IMGView5.xib */; };
		DDC747001AE4C4CA006F8604 /* IMGView6.xib in Resources */ = {isa = PBXBuildFile; fileRef = DDC746FB1AE4C4CA006F8604 /* IMGView6.xib */; };
		DDC9268F1ABBB10700CAF1CC /* FacebookSDK.framework in Frameworks */ = {isa = PBXBuildFile; fileRef = DDC9268E1ABBB10700CAF1CC /* FacebookSDK.framework */; };
		DDC926981ABBB13100CAF1CC /* HTTPRequest.m in Sources */ = {isa = PBXBuildFile; fileRef = DDC926931ABBB13100CAF1CC /* HTTPRequest.m */; };
		DDC926991ABBB13100CAF1CC /* NSString+LKSData.m in Sources */ = {isa = PBXBuildFile; fileRef = DDC926951ABBB13100CAF1CC /* NSString+LKSData.m */; };
		DDC9269A1ABBB13100CAF1CC /* NSString+LKSString.m in Sources */ = {isa = PBXBuildFile; fileRef = DDC926971ABBB13100CAF1CC /* NSString+LKSString.m */; };
		DDC9269D1ABBB14D00CAF1CC /* HTTPUpLoadFile.m in Sources */ = {isa = PBXBuildFile; fileRef = DDC9269C1ABBB14D00CAF1CC /* HTTPUpLoadFile.m */; };
		DDC926A01ABBB17300CAF1CC /* Upload.xib in Resources */ = {isa = PBXBuildFile; fileRef = DDC9269F1ABBB17300CAF1CC /* Upload.xib */; };
		DDC926A41ABBB1E300CAF1CC /* UserFB.m in Sources */ = {isa = PBXBuildFile; fileRef = DDC926A31ABBB1E300CAF1CC /* UserFB.m */; };
		DDC926AB1ABBD01500CAF1CC /* CoreLocation.framework in Frameworks */ = {isa = PBXBuildFile; fileRef = DDC926AA1ABBD01500CAF1CC /* CoreLocation.framework */; };
		DDC95AB11AC3C63600C3DB56 /* XungQuanh.xcassets in Resources */ = {isa = PBXBuildFile; fileRef = DDC95AB01AC3C63600C3DB56 /* XungQuanh.xcassets */; };
		DDC95AE71AC3F9C900C3DB56 /* JSImagePickerViewController.m in Sources */ = {isa = PBXBuildFile; fileRef = DDC95AE61AC3F9C900C3DB56 /* JSImagePickerViewController.m */; };
		DDE0B3131ABC4D9D0096AAE7 /* Test.m in Sources */ = {isa = PBXBuildFile; fileRef = DDE0B3121ABC4D9D0096AAE7 /* Test.m */; };
		DDE1F6E81AE4EFAF0040E2CD /* MWCaptionView.m in Sources */ = {isa = PBXBuildFile; fileRef = DDE1F68C1AE4EFAF0040E2CD /* MWCaptionView.m */; };
		DDE1F6E91AE4EFAF0040E2CD /* MWGridCell.m in Sources */ = {isa = PBXBuildFile; fileRef = DDE1F68F1AE4EFAF0040E2CD /* MWGridCell.m */; };
		DDE1F6EA1AE4EFAF0040E2CD /* MWGridViewController.m in Sources */ = {isa = PBXBuildFile; fileRef = DDE1F6911AE4EFAF0040E2CD /* MWGridViewController.m */; };
		DDE1F6EB1AE4EFAF0040E2CD /* MWPhoto.m in Sources */ = {isa = PBXBuildFile; fileRef = DDE1F6931AE4EFAF0040E2CD /* MWPhoto.m */; };
		DDE1F6EC1AE4EFAF0040E2CD /* MWPhotoBrowser.m in Sources */ = {isa = PBXBuildFile; fileRef = DDE1F6951AE4EFAF0040E2CD /* MWPhotoBrowser.m */; };
		DDE1F6ED1AE4EFAF0040E2CD /* MWTapDetectingImageView.m in Sources */ = {isa = PBXBuildFile; fileRef = DDE1F6991AE4EFAF0040E2CD /* MWTapDetectingImageView.m */; };
		DDE1F6EE1AE4EFAF0040E2CD /* MWTapDetectingView.m in Sources */ = {isa = PBXBuildFile; fileRef = DDE1F69B1AE4EFAF0040E2CD /* MWTapDetectingView.m */; };
		DDE1F6EF1AE4EFAF0040E2CD /* MWZoomingScrollView.m in Sources */ = {isa = PBXBuildFile; fileRef = DDE1F69D1AE4EFAF0040E2CD /* MWZoomingScrollView.m */; };
		DDE1F6F01AE4EFAF0040E2CD /* DACircularProgressView.m in Sources */ = {isa = PBXBuildFile; fileRef = DDE1F6A11AE4EFAF0040E2CD /* DACircularProgressView.m */; };
		DDE1F6F11AE4EFAF0040E2CD /* MBProgressHUD.m in Sources */ = {isa = PBXBuildFile; fileRef = DDE1F6A41AE4EFAF0040E2CD /* MBProgressHUD.m */; };
		DDE1F6F21AE4EFAF0040E2CD /* README.mdown in Resources */ = {isa = PBXBuildFile; fileRef = DDE1F6A51AE4EFAF0040E2CD /* README.mdown */; };
		DDE1F6F31AE4EFAF0040E2CD /* NSIndexPath+PSTCollectionViewAdditions.m in Sources */ = {isa = PBXBuildFile; fileRef = DDE1F6A81AE4EFAF0040E2CD /* NSIndexPath+PSTCollectionViewAdditions.m */; };
		DDE1F6F41AE4EFAF0040E2CD /* PSTCollectionView.m in Sources */ = {isa = PBXBuildFile; fileRef = DDE1F6AA1AE4EFAF0040E2CD /* PSTCollectionView.m */; };
		DDE1F6F51AE4EFAF0040E2CD /* PSTCollectionViewCell.m in Sources */ = {isa = PBXBuildFile; fileRef = DDE1F6AC1AE4EFAF0040E2CD /* PSTCollectionViewCell.m */; };
		DDE1F6F61AE4EFAF0040E2CD /* PSTCollectionViewController.m in Sources */ = {isa = PBXBuildFile; fileRef = DDE1F6AF1AE4EFAF0040E2CD /* PSTCollectionViewController.m */; };
		DDE1F6F71AE4EFAF0040E2CD /* PSTCollectionViewData.m in Sources */ = {isa = PBXBuildFile; fileRef = DDE1F6B11AE4EFAF0040E2CD /* PSTCollectionViewData.m */; };
		DDE1F6F81AE4EFAF0040E2CD /* PSTCollectionViewFlowLayout.m in Sources */ = {isa = PBXBuildFile; fileRef = DDE1F6B31AE4EFAF0040E2CD /* PSTCollectionViewFlowLayout.m */; };
		DDE1F6F91AE4EFAF0040E2CD /* PSTCollectionViewItemKey.m in Sources */ = {isa = PBXBuildFile; fileRef = DDE1F6B51AE4EFAF0040E2CD /* PSTCollectionViewItemKey.m */; };
		DDE1F6FA1AE4EFAF0040E2CD /* PSTCollectionViewLayout.m in Sources */ = {isa = PBXBuildFile; fileRef = DDE1F6B81AE4EFAF0040E2CD /* PSTCollectionViewLayout.m */; };
		DDE1F6FB1AE4EFAF0040E2CD /* PSTCollectionViewUpdateItem.m in Sources */ = {isa = PBXBuildFile; fileRef = DDE1F6BA1AE4EFAF0040E2CD /* PSTCollectionViewUpdateItem.m */; };
		DDE1F6FC1AE4EFAF0040E2CD /* PSTGridLayoutInfo.m in Sources */ = {isa = PBXBuildFile; fileRef = DDE1F6BC1AE4EFAF0040E2CD /* PSTGridLayoutInfo.m */; };
		DDE1F6FD1AE4EFAF0040E2CD /* PSTGridLayoutItem.m in Sources */ = {isa = PBXBuildFile; fileRef = DDE1F6BE1AE4EFAF0040E2CD /* PSTGridLayoutItem.m */; };
		DDE1F6FE1AE4EFAF0040E2CD /* PSTGridLayoutRow.m in Sources */ = {isa = PBXBuildFile; fileRef = DDE1F6C01AE4EFAF0040E2CD /* PSTGridLayoutRow.m */; };
		DDE1F6FF1AE4EFAF0040E2CD /* PSTGridLayoutSection.m in Sources */ = {isa = PBXBuildFile; fileRef = DDE1F6C21AE4EFAF0040E2CD /* PSTGridLayoutSection.m */; };
		DDE1F7001AE4EFAF0040E2CD /* LICENSE in Resources */ = {isa = PBXBuildFile; fileRef = DDE1F6C41AE4EFAF0040E2CD /* LICENSE */; };
		DDE1F7011AE4EFAF0040E2CD /* README.md in Resources */ = {isa = PBXBuildFile; fileRef = DDE1F6C51AE4EFAF0040E2CD /* README.md */; };
		DDE1F7021AE4EFAF0040E2CD /* MKAnnotationView+WebCache.m in Sources */ = {isa = PBXBuildFile; fileRef = DDE1F6C81AE4EFAF0040E2CD /* MKAnnotationView+WebCache.m */; };
		DDE1F7031AE4EFAF0040E2CD /* NSData+ImageContentType.m in Sources */ = {isa = PBXBuildFile; fileRef = DDE1F6CA1AE4EFAF0040E2CD /* NSData+ImageContentType.m */; };
		DDE1F7041AE4EFAF0040E2CD /* SDImageCache.m in Sources */ = {isa = PBXBuildFile; fileRef = DDE1F6CC1AE4EFAF0040E2CD /* SDImageCache.m */; };
		DDE1F7051AE4EFAF0040E2CD /* SDWebImageCompat.m in Sources */ = {isa = PBXBuildFile; fileRef = DDE1F6CE1AE4EFAF0040E2CD /* SDWebImageCompat.m */; };
		DDE1F7061AE4EFAF0040E2CD /* SDWebImageDecoder.m in Sources */ = {isa = PBXBuildFile; fileRef = DDE1F6D01AE4EFAF0040E2CD /* SDWebImageDecoder.m */; };
		DDE1F7071AE4EFAF0040E2CD /* SDWebImageDownloader.m in Sources */ = {isa = PBXBuildFile; fileRef = DDE1F6D21AE4EFAF0040E2CD /* SDWebImageDownloader.m */; };
		DDE1F7081AE4EFAF0040E2CD /* SDWebImageDownloaderOperation.m in Sources */ = {isa = PBXBuildFile; fileRef = DDE1F6D41AE4EFAF0040E2CD /* SDWebImageDownloaderOperation.m */; };
		DDE1F7091AE4EFAF0040E2CD /* SDWebImageManager.m in Sources */ = {isa = PBXBuildFile; fileRef = DDE1F6D61AE4EFAF0040E2CD /* SDWebImageManager.m */; };
		DDE1F70A1AE4EFAF0040E2CD /* SDWebImagePrefetcher.m in Sources */ = {isa = PBXBuildFile; fileRef = DDE1F6D91AE4EFAF0040E2CD /* SDWebImagePrefetcher.m */; };
		DDE1F70B1AE4EFAF0040E2CD /* UIButton+WebCache.m in Sources */ = {isa = PBXBuildFile; fileRef = DDE1F6DB1AE4EFAF0040E2CD /* UIButton+WebCache.m */; };
		DDE1F70C1AE4EFAF0040E2CD /* UIImage+GIF.m in Sources */ = {isa = PBXBuildFile; fileRef = DDE1F6DD1AE4EFAF0040E2CD /* UIImage+GIF.m */; };
		DDE1F70D1AE4EFAF0040E2CD /* UIImage+MultiFormat.m in Sources */ = {isa = PBXBuildFile; fileRef = DDE1F6DF1AE4EFAF0040E2CD /* UIImage+MultiFormat.m */; };
		DDE1F70E1AE4EFAF0040E2CD /* UIImage+WebP.m in Sources */ = {isa = PBXBuildFile; fileRef = DDE1F6E11AE4EFAF0040E2CD /* UIImage+WebP.m */; };
		DDE1F70F1AE4EFAF0040E2CD /* UIImageView+HighlightedWebCache.m in Sources */ = {isa = PBXBuildFile; fileRef = DDE1F6E31AE4EFAF0040E2CD /* UIImageView+HighlightedWebCache.m */; };
		DDE1F7101AE4EFAF0040E2CD /* UIImageView+WebCache.m in Sources */ = {isa = PBXBuildFile; fileRef = DDE1F6E51AE4EFAF0040E2CD /* UIImageView+WebCache.m */; };
		DDE1F7111AE4EFAF0040E2CD /* UIView+WebCacheOperation.m in Sources */ = {isa = PBXBuildFile; fileRef = DDE1F6E71AE4EFAF0040E2CD /* UIView+WebCacheOperation.m */; };
/* End PBXBuildFile section */

/* Begin PBXContainerItemProxy section */
		DD7238F61ABBB0C8004D70FE /* PBXContainerItemProxy */ = {
			isa = PBXContainerItemProxy;
			containerPortal = DD7238C81ABBB0C8004D70FE /* Project object */;
			proxyType = 1;
			remoteGlobalIDString = DD7238CF1ABBB0C8004D70FE;
			remoteInfo = RaoVat69;
		};
/* End PBXContainerItemProxy section */

/* Begin PBXFileReference section */
		DD1B2CA01AC92AD100774D3E /* Detail.xcassets */ = {isa = PBXFileReference; lastKnownFileType = folder.assetcatalog; path = Detail.xcassets; sourceTree = "<group>"; };
		DD4966121AE4F2CD00872D8E /* MWPhotoBrowser.bundle */ = {isa = PBXFileReference; lastKnownFileType = "wrapper.plug-in"; path = MWPhotoBrowser.bundle; sourceTree = "<group>"; };
		DD4966151AE4F96B00872D8E /* SVViewController.h */ = {isa = PBXFileReference; fileEncoding = 4; lastKnownFileType = sourcecode.c.h; path = SVViewController.h; sourceTree = "<group>"; };
		DD4966161AE4F96B00872D8E /* SVViewController.m */ = {isa = PBXFileReference; fileEncoding = 4; lastKnownFileType = sourcecode.c.objc; path = SVViewController.m; sourceTree = "<group>"; };
		DD4966171AE4F96B00872D8E /* SVAnnotation.h */ = {isa = PBXFileReference; fileEncoding = 4; lastKnownFileType = sourcecode.c.h; path = SVAnnotation.h; sourceTree = "<group>"; };
		DD4966181AE4F96B00872D8E /* SVAnnotation.m */ = {isa = PBXFileReference; fileEncoding = 4; lastKnownFileType = sourcecode.c.objc; path = SVAnnotation.m; sourceTree = "<group>"; };
		DD49661B1AE4F97B00872D8E /* SVPulsingAnnotationView.h */ = {isa = PBXFileReference; fileEncoding = 4; lastKnownFileType = sourcecode.c.h; path = SVPulsingAnnotationView.h; sourceTree = "<group>"; };
		DD49661C1AE4F97B00872D8E /* SVPulsingAnnotationView.m */ = {isa = PBXFileReference; fileEncoding = 4; lastKnownFileType = sourcecode.c.objc; path = SVPulsingAnnotationView.m; sourceTree = "<group>"; };
		DD7238D01ABBB0C8004D70FE /* RaoVat69.app */ = {isa = PBXFileReference; explicitFileType = wrapper.application; includeInIndex = 0; path = RaoVat69.app; sourceTree = BUILT_PRODUCTS_DIR; };
		DD7238D31ABBB0C8004D70FE /* Foundation.framework */ = {isa = PBXFileReference; lastKnownFileType = wrapper.framework; name = Foundation.framework; path = System/Library/Frameworks/Foundation.framework; sourceTree = SDKROOT; };
		DD7238D51ABBB0C8004D70FE /* CoreGraphics.framework */ = {isa = PBXFileReference; lastKnownFileType = wrapper.framework; name = CoreGraphics.framework; path = System/Library/Frameworks/CoreGraphics.framework; sourceTree = SDKROOT; };
		DD7238D71ABBB0C8004D70FE /* UIKit.framework */ = {isa = PBXFileReference; lastKnownFileType = wrapper.framework; name = UIKit.framework; path = System/Library/Frameworks/UIKit.framework; sourceTree = SDKROOT; };
		DD7238DB1ABBB0C8004D70FE /* RaoVat69-Info.plist */ = {isa = PBXFileReference; lastKnownFileType = text.plist.xml; path = "RaoVat69-Info.plist"; sourceTree = "<group>"; };
		DD7238DD1ABBB0C8004D70FE /* en */ = {isa = PBXFileReference; lastKnownFileType = text.plist.strings; name = en; path = en.lproj/InfoPlist.strings; sourceTree = "<group>"; };
		DD7238DF1ABBB0C8004D70FE /* main.m */ = {isa = PBXFileReference; lastKnownFileType = sourcecode.c.objc; path = main.m; sourceTree = "<group>"; };
		DD7238E11ABBB0C8004D70FE /* RaoVat69-Prefix.pch */ = {isa = PBXFileReference; lastKnownFileType = sourcecode.c.h; path = "RaoVat69-Prefix.pch"; sourceTree = "<group>"; };
		DD7238E21ABBB0C8004D70FE /* AppDelegate.h */ = {isa = PBXFileReference; lastKnownFileType = sourcecode.c.h; path = AppDelegate.h; sourceTree = "<group>"; };
		DD7238E31ABBB0C8004D70FE /* AppDelegate.m */ = {isa = PBXFileReference; lastKnownFileType = sourcecode.c.objc; path = AppDelegate.m; sourceTree = "<group>"; };
		DD7238E61ABBB0C8004D70FE /* Base */ = {isa = PBXFileReference; lastKnownFileType = file.storyboard; name = Base; path = Base.lproj/Main.storyboard; sourceTree = "<group>"; };
		DD7238E81ABBB0C8004D70FE /* ViewController.h */ = {isa = PBXFileReference; lastKnownFileType = sourcecode.c.h; path = ViewController.h; sourceTree = "<group>"; };
		DD7238E91ABBB0C8004D70FE /* ViewController.m */ = {isa = PBXFileReference; lastKnownFileType = sourcecode.c.objc; path = ViewController.m; sourceTree = "<group>"; };
		DD7238EB1ABBB0C8004D70FE /* Images.xcassets */ = {isa = PBXFileReference; lastKnownFileType = folder.assetcatalog; path = Images.xcassets; sourceTree = "<group>"; };
		DD7238F11ABBB0C8004D70FE /* RaoVat69Tests.xctest */ = {isa = PBXFileReference; explicitFileType = wrapper.cfbundle; includeInIndex = 0; path = RaoVat69Tests.xctest; sourceTree = BUILT_PRODUCTS_DIR; };
		DD7238F21ABBB0C8004D70FE /* XCTest.framework */ = {isa = PBXFileReference; lastKnownFileType = wrapper.framework; name = XCTest.framework; path = Library/Frameworks/XCTest.framework; sourceTree = DEVELOPER_DIR; };
		DD7238FA1ABBB0C8004D70FE /* RaoVat69Tests-Info.plist */ = {isa = PBXFileReference; lastKnownFileType = text.plist.xml; path = "RaoVat69Tests-Info.plist"; sourceTree = "<group>"; };
		DD7238FC1ABBB0C8004D70FE /* en */ = {isa = PBXFileReference; lastKnownFileType = text.plist.strings; name = en; path = en.lproj/InfoPlist.strings; sourceTree = "<group>"; };
		DD7238FE1ABBB0C8004D70FE /* RaoVat69Tests.m */ = {isa = PBXFileReference; lastKnownFileType = sourcecode.c.objc; path = RaoVat69Tests.m; sourceTree = "<group>"; };
		DDB0A2CF1AC2A923003BFF67 /* RootTabbar.h */ = {isa = PBXFileReference; fileEncoding = 4; lastKnownFileType = sourcecode.c.h; path = RootTabbar.h; sourceTree = "<group>"; };
		DDB0A2D01AC2A923003BFF67 /* RootTabbar.m */ = {isa = PBXFileReference; fileEncoding = 4; lastKnownFileType = sourcecode.c.objc; path = RootTabbar.m; sourceTree = "<group>"; };
		DDB0A2D31AC2A94A003BFF67 /* Tabbar.xib */ = {isa = PBXFileReference; fileEncoding = 4; lastKnownFileType = file.xib; path = Tabbar.xib; sourceTree = "<group>"; };
		DDB0A2D51AC2A9C7003BFF67 /* HomeSource.xcassets */ = {isa = PBXFileReference; lastKnownFileType = folder.assetcatalog; path = HomeSource.xcassets; sourceTree = "<group>"; };
		DDB0A2D71AC2ADBB003BFF67 /* Config.h */ = {isa = PBXFileReference; fileEncoding = 4; lastKnownFileType = sourcecode.c.h; path = Config.h; sourceTree = "<group>"; };
		DDB0A2D91AC2F742003BFF67 /* LKSNAV.h */ = {isa = PBXFileReference; fileEncoding = 4; lastKnownFileType = sourcecode.c.h; path = LKSNAV.h; sourceTree = "<group>"; };
		DDB0A2DA1AC2F742003BFF67 /* LKSNAV.m */ = {isa = PBXFileReference; fileEncoding = 4; lastKnownFileType = sourcecode.c.objc; path = LKSNAV.m; sourceTree = "<group>"; };
		DDB0A2DC1AC2F764003BFF67 /* CRNavigationBar.h */ = {isa = PBXFileReference; fileEncoding = 4; lastKnownFileType = sourcecode.c.h; path = CRNavigationBar.h; sourceTree = "<group>"; };
		DDB0A2DD1AC2F764003BFF67 /* CRNavigationBar.m */ = {isa = PBXFileReference; fileEncoding = 4; lastKnownFileType = sourcecode.c.objc; path = CRNavigationBar.m; sourceTree = "<group>"; };
		DDB0A2DE1AC2F764003BFF67 /* CRNavigationController.h */ = {isa = PBXFileReference; fileEncoding = 4; lastKnownFileType = sourcecode.c.h; path = CRNavigationController.h; sourceTree = "<group>"; };
		DDB0A2DF1AC2F764003BFF67 /* CRNavigationController.m */ = {isa = PBXFileReference; fileEncoding = 4; lastKnownFileType = sourcecode.c.objc; path = CRNavigationController.m; sourceTree = "<group>"; };
		DDB0A2E01AC2F764003BFF67 /* UIView+Roundify.h */ = {isa = PBXFileReference; fileEncoding = 4; lastKnownFileType = sourcecode.c.h; path = "UIView+Roundify.h"; sourceTree = "<group>"; };
		DDB0A2E11AC2F764003BFF67 /* UIView+Roundify.m */ = {isa = PBXFileReference; fileEncoding = 4; lastKnownFileType = sourcecode.c.objc; path = "UIView+Roundify.m"; sourceTree = "<group>"; };
		DDB0A2EA1AC2F9E5003BFF67 /* TKController.h */ = {isa = PBXFileReference; fileEncoding = 4; lastKnownFileType = sourcecode.c.h; path = TKController.h; sourceTree = "<group>"; };
		DDB0A2EB1AC2F9E5003BFF67 /* TKController.m */ = {isa = PBXFileReference; fileEncoding = 4; lastKnownFileType = sourcecode.c.objc; path = TKController.m; sourceTree = "<group>"; };
		DDB0A2ED1AC2F9EF003BFF67 /* QTController.h */ = {isa = PBXFileReference; fileEncoding = 4; lastKnownFileType = sourcecode.c.h; path = QTController.h; sourceTree = "<group>"; };
		DDB0A2EE1AC2F9EF003BFF67 /* QTController.m */ = {isa = PBXFileReference; fileEncoding = 4; lastKnownFileType = sourcecode.c.objc; path = QTController.m; sourceTree = "<group>"; };
		DDB0A2F01AC2F9FA003BFF67 /* DMController.h */ = {isa = PBXFileReference; fileEncoding = 4; lastKnownFileType = sourcecode.c.h; path = DMController.h; sourceTree = "<group>"; };
		DDB0A2F11AC2F9FA003BFF67 /* DMController.m */ = {isa = PBXFileReference; fileEncoding = 4; lastKnownFileType = sourcecode.c.objc; path = DMController.m; sourceTree = "<group>"; };
		DDB0A2F31AC2FA24003BFF67 /* XQController.h */ = {isa = PBXFileReference; fileEncoding = 4; lastKnownFileType = sourcecode.c.h; path = XQController.h; sourceTree = "<group>"; };
		DDB0A2F41AC2FA24003BFF67 /* XQController.m */ = {isa = PBXFileReference; fileEncoding = 4; lastKnownFileType = sourcecode.c.objc; path = XQController.m; sourceTree = "<group>"; };
		DDB0A2F61AC2FA2D003BFF67 /* CDController.h */ = {isa = PBXFileReference; fileEncoding = 4; lastKnownFileType = sourcecode.c.h; path = CDController.h; sourceTree = "<group>"; };
		DDB0A2F71AC2FA2D003BFF67 /* CDController.m */ = {isa = PBXFileReference; fileEncoding = 4; lastKnownFileType = sourcecode.c.objc; path = CDController.m; sourceTree = "<group>"; };
		DDB0A2F91AC2FD13003BFF67 /* LoginRequest.xib */ = {isa = PBXFileReference; fileEncoding = 4; lastKnownFileType = file.xib; path = LoginRequest.xib; sourceTree = "<group>"; };
		DDC2E7DD1ABC17DE00EF5582 /* GoogleOpenSource.framework */ = {isa = PBXFileReference; lastKnownFileType = wrapper.framework; path = GoogleOpenSource.framework; sourceTree = "<group>"; };
		DDC2E7DE1ABC17DE00EF5582 /* GooglePlus.bundle */ = {isa = PBXFileReference; lastKnownFileType = "wrapper.plug-in"; path = GooglePlus.bundle; sourceTree = "<group>"; };
		DDC2E7DF1ABC17DE00EF5582 /* GooglePlus.framework */ = {isa = PBXFileReference; lastKnownFileType = wrapper.framework; path = GooglePlus.framework; sourceTree = "<group>"; };
		DDC2E7E31ABC183300EF5582 /* AddressBook.framework */ = {isa = PBXFileReference; lastKnownFileType = wrapper.framework; name = AddressBook.framework; path = System/Library/Frameworks/AddressBook.framework; sourceTree = SDKROOT; };
		DDC2E7E51ABC183800EF5582 /* AssetsLibrary.framework */ = {isa = PBXFileReference; lastKnownFileType = wrapper.framework; name = AssetsLibrary.framework; path = System/Library/Frameworks/AssetsLibrary.framework; sourceTree = SDKROOT; };
		DDC2E7E71ABC184500EF5582 /* CoreMotion.framework */ = {isa = PBXFileReference; lastKnownFileType = wrapper.framework; name = CoreMotion.framework; path = System/Library/Frameworks/CoreMotion.framework; sourceTree = SDKROOT; };
		DDC2E7E91ABC185400EF5582 /* CoreText.framework */ = {isa = PBXFileReference; lastKnownFileType = wrapper.framework; name = CoreText.framework; path = System/Library/Frameworks/CoreText.framework; sourceTree = SDKROOT; };
		DDC2E7EB1ABC185A00EF5582 /* MediaPlayer.framework */ = {isa = PBXFileReference; lastKnownFileType = wrapper.framework; name = MediaPlayer.framework; path = System/Library/Frameworks/MediaPlayer.framework; sourceTree = SDKROOT; };
		DDC2E7ED1ABC186000EF5582 /* Security.framework */ = {isa = PBXFileReference; lastKnownFileType = wrapper.framework; name = Security.framework; path = System/Library/Frameworks/Security.framework; sourceTree = SDKROOT; };
		DDC2E7EF1ABC186700EF5582 /* SystemConfiguration.framework */ = {isa = PBXFileReference; lastKnownFileType = wrapper.framework; name = SystemConfiguration.framework; path = System/Library/Frameworks/SystemConfiguration.framework; sourceTree = SDKROOT; };
		DDC2E7F11ABC1A3E00EF5582 /* AppConfig.h */ = {isa = PBXFileReference; fileEncoding = 4; lastKnownFileType = sourcecode.c.h; path = AppConfig.h; sourceTree = "<group>"; };
		DDC2E7F21ABC1B6800EF5582 /* UserGoole.h */ = {isa = PBXFileReference; fileEncoding = 4; lastKnownFileType = sourcecode.c.h; path = UserGoole.h; sourceTree = "<group>"; };
		DDC2E7F31ABC1B6800EF5582 /* UserGoole.m */ = {isa = PBXFileReference; fileEncoding = 4; lastKnownFileType = sourcecode.c.objc; path = UserGoole.m; sourceTree = "<group>"; };
		DDC746ED1AE4B3A5006F8604 /* DTXQController.h */ = {isa = PBXFileReference; fileEncoding = 4; lastKnownFileType = sourcecode.c.h; path = DTXQController.h; sourceTree = "<group>"; };
		DDC746EE1AE4B3A5006F8604 /* DTXQController.m */ = {isa = PBXFileReference; fileEncoding = 4; lastKnownFileType = sourcecode.c.objc; path = DTXQController.m; sourceTree = "<group>"; };
		DDC746F11AE4B3EA006F8604 /* DTXQHeader.xib */ = {isa = PBXFileReference; fileEncoding = 4; lastKnownFileType = file.xib; path = DTXQHeader.xib; sourceTree = "<group>"; };
		DDC746F31AE4C395006F8604 /* ContentDetail.xib */ = {isa = PBXFileReference; fileEncoding = 4; lastKnownFileType = file.xib; path = ContentDetail.xib; sourceTree = "<group>"; };
		DDC746F51AE4C3E1006F8604 /* IMGView1.xib */ = {isa = PBXFileReference; fileEncoding = 4; lastKnownFileType = file.xib; path = IMGView1.xib; sourceTree = "<group>"; };
		DDC746F71AE4C4CA006F8604 /* IMGView2.xib */ = {isa = PBXFileReference; fileEncoding = 4; lastKnownFileType = file.xib; path = IMGView2.xib; sourceTree = "<group>"; };
		DDC746F81AE4C4CA006F8604 /* IMGView3.xib */ = {isa = PBXFileReference; fileEncoding = 4; lastKnownFileType = file.xib; path = IMGView3.xib; sourceTree = "<group>"; };
		DDC746F91AE4C4CA006F8604 /* IMGView4.xib */ = {isa = PBXFileReference; fileEncoding = 4; lastKnownFileType = file.xib; path = IMGView4.xib; sourceTree = "<group>"; };
		DDC746FA1AE4C4CA006F8604 /* IMGView5.xib */ = {isa = PBXFileReference; fileEncoding = 4; lastKnownFileType = file.xib; path = IMGView5.xib; sourceTree = "<group>"; };
		DDC746FB1AE4C4CA006F8604 /* IMGView6.xib */ = {isa = PBXFileReference; fileEncoding = 4; lastKnownFileType = file.xib; path = IMGView6.xib; sourceTree = "<group>"; };
		DDC9268E1ABBB10700CAF1CC /* FacebookSDK.framework */ = {isa = PBXFileReference; lastKnownFileType = wrapper.framework; path = FacebookSDK.framework; sourceTree = "<group>"; };
		DDC926921ABBB13100CAF1CC /* HTTPRequest.h */ = {isa = PBXFileReference; fileEncoding = 4; lastKnownFileType = sourcecode.c.h; path = HTTPRequest.h; sourceTree = "<group>"; };
		DDC926931ABBB13100CAF1CC /* HTTPRequest.m */ = {isa = PBXFileReference; fileEncoding = 4; lastKnownFileType = sourcecode.c.objc; path = HTTPRequest.m; sourceTree = "<group>"; };
		DDC926941ABBB13100CAF1CC /* NSString+LKSData.h */ = {isa = PBXFileReference; fileEncoding = 4; lastKnownFileType = sourcecode.c.h; path = "NSString+LKSData.h"; sourceTree = "<group>"; };
		DDC926951ABBB13100CAF1CC /* NSString+LKSData.m */ = {isa = PBXFileReference; fileEncoding = 4; lastKnownFileType = sourcecode.c.objc; path = "NSString+LKSData.m"; sourceTree = "<group>"; };
		DDC926961ABBB13100CAF1CC /* NSString+LKSString.h */ = {isa = PBXFileReference; fileEncoding = 4; lastKnownFileType = sourcecode.c.h; path = "NSString+LKSString.h"; sourceTree = "<group>"; };
		DDC926971ABBB13100CAF1CC /* NSString+LKSString.m */ = {isa = PBXFileReference; fileEncoding = 4; lastKnownFileType = sourcecode.c.objc; path = "NSString+LKSString.m"; sourceTree = "<group>"; };
		DDC9269B1ABBB14D00CAF1CC /* HTTPUpLoadFile.h */ = {isa = PBXFileReference; fileEncoding = 4; lastKnownFileType = sourcecode.c.h; path = HTTPUpLoadFile.h; sourceTree = "<group>"; };
		DDC9269C1ABBB14D00CAF1CC /* HTTPUpLoadFile.m */ = {isa = PBXFileReference; fileEncoding = 4; lastKnownFileType = sourcecode.c.objc; path = HTTPUpLoadFile.m; sourceTree = "<group>"; };
		DDC9269F1ABBB17300CAF1CC /* Upload.xib */ = {isa = PBXFileReference; fileEncoding = 4; lastKnownFileType = file.xib; path = Upload.xib; sourceTree = "<group>"; };
		DDC926A21ABBB1E300CAF1CC /* UserFB.h */ = {isa = PBXFileReference; fileEncoding = 4; lastKnownFileType = sourcecode.c.h; path = UserFB.h; sourceTree = "<group>"; };
		DDC926A31ABBB1E300CAF1CC /* UserFB.m */ = {isa = PBXFileReference; fileEncoding = 4; lastKnownFileType = sourcecode.c.objc; path = UserFB.m; sourceTree = "<group>"; };
		DDC926AA1ABBD01500CAF1CC /* CoreLocation.framework */ = {isa = PBXFileReference; lastKnownFileType = wrapper.framework; name = CoreLocation.framework; path = System/Library/Frameworks/CoreLocation.framework; sourceTree = SDKROOT; };
		DDC95AB01AC3C63600C3DB56 /* XungQuanh.xcassets */ = {isa = PBXFileReference; lastKnownFileType = folder.assetcatalog; path = XungQuanh.xcassets; sourceTree = "<group>"; };
		DDC95AE51AC3F9C900C3DB56 /* JSImagePickerViewController.h */ = {isa = PBXFileReference; fileEncoding = 4; lastKnownFileType = sourcecode.c.h; path = JSImagePickerViewController.h; sourceTree = "<group>"; };
		DDC95AE61AC3F9C900C3DB56 /* JSImagePickerViewController.m */ = {isa = PBXFileReference; fileEncoding = 4; lastKnownFileType = sourcecode.c.objc; path = JSImagePickerViewController.m; sourceTree = "<group>"; };
		DDE0B3111ABC4D9D0096AAE7 /* Test.h */ = {isa = PBXFileReference; fileEncoding = 4; lastKnownFileType = sourcecode.c.h; path = Test.h; sourceTree = "<group>"; };
		DDE0B3121ABC4D9D0096AAE7 /* Test.m */ = {isa = PBXFileReference; fileEncoding = 4; lastKnownFileType = sourcecode.c.objc; path = Test.m; sourceTree = "<group>"; };
		DDE1F68B1AE4EFAF0040E2CD /* MWCaptionView.h */ = {isa = PBXFileReference; fileEncoding = 4; lastKnownFileType = sourcecode.c.h; path = MWCaptionView.h; sourceTree = "<group>"; };
		DDE1F68C1AE4EFAF0040E2CD /* MWCaptionView.m */ = {isa = PBXFileReference; fileEncoding = 4; lastKnownFileType = sourcecode.c.objc; path = MWCaptionView.m; sourceTree = "<group>"; };
		DDE1F68D1AE4EFAF0040E2CD /* MWCommon.h */ = {isa = PBXFileReference; fileEncoding = 4; lastKnownFileType = sourcecode.c.h; path = MWCommon.h; sourceTree = "<group>"; };
		DDE1F68E1AE4EFAF0040E2CD /* MWGridCell.h */ = {isa = PBXFileReference; fileEncoding = 4; lastKnownFileType = sourcecode.c.h; path = MWGridCell.h; sourceTree = "<group>"; };
		DDE1F68F1AE4EFAF0040E2CD /* MWGridCell.m */ = {isa = PBXFileReference; fileEncoding = 4; lastKnownFileType = sourcecode.c.objc; path = MWGridCell.m; sourceTree = "<group>"; };
		DDE1F6901AE4EFAF0040E2CD /* MWGridViewController.h */ = {isa = PBXFileReference; fileEncoding = 4; lastKnownFileType = sourcecode.c.h; path = MWGridViewController.h; sourceTree = "<group>"; };
		DDE1F6911AE4EFAF0040E2CD /* MWGridViewController.m */ = {isa = PBXFileReference; fileEncoding = 4; lastKnownFileType = sourcecode.c.objc; path = MWGridViewController.m; sourceTree = "<group>"; };
		DDE1F6921AE4EFAF0040E2CD /* MWPhoto.h */ = {isa = PBXFileReference; fileEncoding = 4; lastKnownFileType = sourcecode.c.h; path = MWPhoto.h; sourceTree = "<group>"; };
		DDE1F6931AE4EFAF0040E2CD /* MWPhoto.m */ = {isa = PBXFileReference; fileEncoding = 4; lastKnownFileType = sourcecode.c.objc; path = MWPhoto.m; sourceTree = "<group>"; };
		DDE1F6941AE4EFAF0040E2CD /* MWPhotoBrowser.h */ = {isa = PBXFileReference; fileEncoding = 4; lastKnownFileType = sourcecode.c.h; path = MWPhotoBrowser.h; sourceTree = "<group>"; };
		DDE1F6951AE4EFAF0040E2CD /* MWPhotoBrowser.m */ = {isa = PBXFileReference; fileEncoding = 4; lastKnownFileType = sourcecode.c.objc; path = MWPhotoBrowser.m; sourceTree = "<group>"; };
		DDE1F6961AE4EFAF0040E2CD /* MWPhotoBrowserPrivate.h */ = {isa = PBXFileReference; fileEncoding = 4; lastKnownFileType = sourcecode.c.h; path = MWPhotoBrowserPrivate.h; sourceTree = "<group>"; };
		DDE1F6971AE4EFAF0040E2CD /* MWPhotoProtocol.h */ = {isa = PBXFileReference; fileEncoding = 4; lastKnownFileType = sourcecode.c.h; path = MWPhotoProtocol.h; sourceTree = "<group>"; };
		DDE1F6981AE4EFAF0040E2CD /* MWTapDetectingImageView.h */ = {isa = PBXFileReference; fileEncoding = 4; lastKnownFileType = sourcecode.c.h; path = MWTapDetectingImageView.h; sourceTree = "<group>"; };
		DDE1F6991AE4EFAF0040E2CD /* MWTapDetectingImageView.m */ = {isa = PBXFileReference; fileEncoding = 4; lastKnownFileType = sourcecode.c.objc; path = MWTapDetectingImageView.m; sourceTree = "<group>"; };
		DDE1F69A1AE4EFAF0040E2CD /* MWTapDetectingView.h */ = {isa = PBXFileReference; fileEncoding = 4; lastKnownFileType = sourcecode.c.h; path = MWTapDetectingView.h; sourceTree = "<group>"; };
		DDE1F69B1AE4EFAF0040E2CD /* MWTapDetectingView.m */ = {isa = PBXFileReference; fileEncoding = 4; lastKnownFileType = sourcecode.c.objc; path = MWTapDetectingView.m; sourceTree = "<group>"; };
		DDE1F69C1AE4EFAF0040E2CD /* MWZoomingScrollView.h */ = {isa = PBXFileReference; fileEncoding = 4; lastKnownFileType = sourcecode.c.h; path = MWZoomingScrollView.h; sourceTree = "<group>"; };
		DDE1F69D1AE4EFAF0040E2CD /* MWZoomingScrollView.m */ = {isa = PBXFileReference; fileEncoding = 4; lastKnownFileType = sourcecode.c.objc; path = MWZoomingScrollView.m; sourceTree = "<group>"; };
		DDE1F6A01AE4EFAF0040E2CD /* DACircularProgressView.h */ = {isa = PBXFileReference; fileEncoding = 4; lastKnownFileType = sourcecode.c.h; path = DACircularProgressView.h; sourceTree = "<group>"; };
		DDE1F6A11AE4EFAF0040E2CD /* DACircularProgressView.m */ = {isa = PBXFileReference; fileEncoding = 4; lastKnownFileType = sourcecode.c.objc; path = DACircularProgressView.m; sourceTree = "<group>"; };
		DDE1F6A31AE4EFAF0040E2CD /* MBProgressHUD.h */ = {isa = PBXFileReference; fileEncoding = 4; lastKnownFileType = sourcecode.c.h; path = MBProgressHUD.h; sourceTree = "<group>"; };
		DDE1F6A41AE4EFAF0040E2CD /* MBProgressHUD.m */ = {isa = PBXFileReference; fileEncoding = 4; lastKnownFileType = sourcecode.c.objc; path = MBProgressHUD.m; sourceTree = "<group>"; };
		DDE1F6A51AE4EFAF0040E2CD /* README.mdown */ = {isa = PBXFileReference; fileEncoding = 4; lastKnownFileType = text; path = README.mdown; sourceTree = "<group>"; };
		DDE1F6A71AE4EFAF0040E2CD /* NSIndexPath+PSTCollectionViewAdditions.h */ = {isa = PBXFileReference; fileEncoding = 4; lastKnownFileType = sourcecode.c.h; path = "NSIndexPath+PSTCollectionViewAdditions.h"; sourceTree = "<group>"; };
		DDE1F6A81AE4EFAF0040E2CD /* NSIndexPath+PSTCollectionViewAdditions.m */ = {isa = PBXFileReference; fileEncoding = 4; lastKnownFileType = sourcecode.c.objc; path = "NSIndexPath+PSTCollectionViewAdditions.m"; sourceTree = "<group>"; };
		DDE1F6A91AE4EFAF0040E2CD /* PSTCollectionView.h */ = {isa = PBXFileReference; fileEncoding = 4; lastKnownFileType = sourcecode.c.h; path = PSTCollectionView.h; sourceTree = "<group>"; };
		DDE1F6AA1AE4EFAF0040E2CD /* PSTCollectionView.m */ = {isa = PBXFileReference; fileEncoding = 4; lastKnownFileType = sourcecode.c.objc; path = PSTCollectionView.m; sourceTree = "<group>"; };
		DDE1F6AB1AE4EFAF0040E2CD /* PSTCollectionViewCell.h */ = {isa = PBXFileReference; fileEncoding = 4; lastKnownFileType = sourcecode.c.h; path = PSTCollectionViewCell.h; sourceTree = "<group>"; };
		DDE1F6AC1AE4EFAF0040E2CD /* PSTCollectionViewCell.m */ = {isa = PBXFileReference; fileEncoding = 4; lastKnownFileType = sourcecode.c.objc; path = PSTCollectionViewCell.m; sourceTree = "<group>"; };
		DDE1F6AD1AE4EFAF0040E2CD /* PSTCollectionViewCommon.h */ = {isa = PBXFileReference; fileEncoding = 4; lastKnownFileType = sourcecode.c.h; path = PSTCollectionViewCommon.h; sourceTree = "<group>"; };
		DDE1F6AE1AE4EFAF0040E2CD /* PSTCollectionViewController.h */ = {isa = PBXFileReference; fileEncoding = 4; lastKnownFileType = sourcecode.c.h; path = PSTCollectionViewController.h; sourceTree = "<group>"; };
		DDE1F6AF1AE4EFAF0040E2CD /* PSTCollectionViewController.m */ = {isa = PBXFileReference; fileEncoding = 4; lastKnownFileType = sourcecode.c.objc; path = PSTCollectionViewController.m; sourceTree = "<group>"; };
		DDE1F6B01AE4EFAF0040E2CD /* PSTCollectionViewData.h */ = {isa = PBXFileReference; fileEncoding = 4; lastKnownFileType = sourcecode.c.h; path = PSTCollectionViewData.h; sourceTree = "<group>"; };
		DDE1F6B11AE4EFAF0040E2CD /* PSTCollectionViewData.m */ = {isa = PBXFileReference; fileEncoding = 4; lastKnownFileType = sourcecode.c.objc; path = PSTCollectionViewData.m; sourceTree = "<group>"; };
		DDE1F6B21AE4EFAF0040E2CD /* PSTCollectionViewFlowLayout.h */ = {isa = PBXFileReference; fileEncoding = 4; lastKnownFileType = sourcecode.c.h; path = PSTCollectionViewFlowLayout.h; sourceTree = "<group>"; };
		DDE1F6B31AE4EFAF0040E2CD /* PSTCollectionViewFlowLayout.m */ = {isa = PBXFileReference; fileEncoding = 4; lastKnownFileType = sourcecode.c.objc; path = PSTCollectionViewFlowLayout.m; sourceTree = "<group>"; };
		DDE1F6B41AE4EFAF0040E2CD /* PSTCollectionViewItemKey.h */ = {isa = PBXFileReference; fileEncoding = 4; lastKnownFileType = sourcecode.c.h; path = PSTCollectionViewItemKey.h; sourceTree = "<group>"; };
		DDE1F6B51AE4EFAF0040E2CD /* PSTCollectionViewItemKey.m */ = {isa = PBXFileReference; fileEncoding = 4; lastKnownFileType = sourcecode.c.objc; path = PSTCollectionViewItemKey.m; sourceTree = "<group>"; };
		DDE1F6B61AE4EFAF0040E2CD /* PSTCollectionViewLayout+Internals.h */ = {isa = PBXFileReference; fileEncoding = 4; lastKnownFileType = sourcecode.c.h; path = "PSTCollectionViewLayout+Internals.h"; sourceTree = "<group>"; };
		DDE1F6B71AE4EFAF0040E2CD /* PSTCollectionViewLayout.h */ = {isa = PBXFileReference; fileEncoding = 4; lastKnownFileType = sourcecode.c.h; path = PSTCollectionViewLayout.h; sourceTree = "<group>"; };
		DDE1F6B81AE4EFAF0040E2CD /* PSTCollectionViewLayout.m */ = {isa = PBXFileReference; fileEncoding = 4; lastKnownFileType = sourcecode.c.objc; path = PSTCollectionViewLayout.m; sourceTree = "<group>"; };
		DDE1F6B91AE4EFAF0040E2CD /* PSTCollectionViewUpdateItem.h */ = {isa = PBXFileReference; fileEncoding = 4; lastKnownFileType = sourcecode.c.h; path = PSTCollectionViewUpdateItem.h; sourceTree = "<group>"; };
		DDE1F6BA1AE4EFAF0040E2CD /* PSTCollectionViewUpdateItem.m */ = {isa = PBXFileReference; fileEncoding = 4; lastKnownFileType = sourcecode.c.objc; path = PSTCollectionViewUpdateItem.m; sourceTree = "<group>"; };
		DDE1F6BB1AE4EFAF0040E2CD /* PSTGridLayoutInfo.h */ = {isa = PBXFileReference; fileEncoding = 4; lastKnownFileType = sourcecode.c.h; path = PSTGridLayoutInfo.h; sourceTree = "<group>"; };
		DDE1F6BC1AE4EFAF0040E2CD /* PSTGridLayoutInfo.m */ = {isa = PBXFileReference; fileEncoding = 4; lastKnownFileType = sourcecode.c.objc; path = PSTGridLayoutInfo.m; sourceTree = "<group>"; };
		DDE1F6BD1AE4EFAF0040E2CD /* PSTGridLayoutItem.h */ = {isa = PBXFileReference; fileEncoding = 4; lastKnownFileType = sourcecode.c.h; path = PSTGridLayoutItem.h; sourceTree = "<group>"; };
		DDE1F6BE1AE4EFAF0040E2CD /* PSTGridLayoutItem.m */ = {isa = PBXFileReference; fileEncoding = 4; lastKnownFileType = sourcecode.c.objc; path = PSTGridLayoutItem.m; sourceTree = "<group>"; };
		DDE1F6BF1AE4EFAF0040E2CD /* PSTGridLayoutRow.h */ = {isa = PBXFileReference; fileEncoding = 4; lastKnownFileType = sourcecode.c.h; path = PSTGridLayoutRow.h; sourceTree = "<group>"; };
		DDE1F6C01AE4EFAF0040E2CD /* PSTGridLayoutRow.m */ = {isa = PBXFileReference; fileEncoding = 4; lastKnownFileType = sourcecode.c.objc; path = PSTGridLayoutRow.m; sourceTree = "<group>"; };
		DDE1F6C11AE4EFAF0040E2CD /* PSTGridLayoutSection.h */ = {isa = PBXFileReference; fileEncoding = 4; lastKnownFileType = sourcecode.c.h; path = PSTGridLayoutSection.h; sourceTree = "<group>"; };
		DDE1F6C21AE4EFAF0040E2CD /* PSTGridLayoutSection.m */ = {isa = PBXFileReference; fileEncoding = 4; lastKnownFileType = sourcecode.c.objc; path = PSTGridLayoutSection.m; sourceTree = "<group>"; };
		DDE1F6C41AE4EFAF0040E2CD /* LICENSE */ = {isa = PBXFileReference; fileEncoding = 4; lastKnownFileType = text; path = LICENSE; sourceTree = "<group>"; };
		DDE1F6C51AE4EFAF0040E2CD /* README.md */ = {isa = PBXFileReference; fileEncoding = 4; lastKnownFileType = text; path = README.md; sourceTree = "<group>"; };
		DDE1F6C71AE4EFAF0040E2CD /* MKAnnotationView+WebCache.h */ = {isa = PBXFileReference; fileEncoding = 4; lastKnownFileType = sourcecode.c.h; path = "MKAnnotationView+WebCache.h"; sourceTree = "<group>"; };
		DDE1F6C81AE4EFAF0040E2CD /* MKAnnotationView+WebCache.m */ = {isa = PBXFileReference; fileEncoding = 4; lastKnownFileType = sourcecode.c.objc; path = "MKAnnotationView+WebCache.m"; sourceTree = "<group>"; };
		DDE1F6C91AE4EFAF0040E2CD /* NSData+ImageContentType.h */ = {isa = PBXFileReference; fileEncoding = 4; lastKnownFileType = sourcecode.c.h; path = "NSData+ImageContentType.h"; sourceTree = "<group>"; };
		DDE1F6CA1AE4EFAF0040E2CD /* NSData+ImageContentType.m */ = {isa = PBXFileReference; fileEncoding = 4; lastKnownFileType = sourcecode.c.objc; path = "NSData+ImageContentType.m"; sourceTree = "<group>"; };
		DDE1F6CB1AE4EFAF0040E2CD /* SDImageCache.h */ = {isa = PBXFileReference; fileEncoding = 4; lastKnownFileType = sourcecode.c.h; path = SDImageCache.h; sourceTree = "<group>"; };
		DDE1F6CC1AE4EFAF0040E2CD /* SDImageCache.m */ = {isa = PBXFileReference; fileEncoding = 4; lastKnownFileType = sourcecode.c.objc; path = SDImageCache.m; sourceTree = "<group>"; };
		DDE1F6CD1AE4EFAF0040E2CD /* SDWebImageCompat.h */ = {isa = PBXFileReference; fileEncoding = 4; lastKnownFileType = sourcecode.c.h; path = SDWebImageCompat.h; sourceTree = "<group>"; };
		DDE1F6CE1AE4EFAF0040E2CD /* SDWebImageCompat.m */ = {isa = PBXFileReference; fileEncoding = 4; lastKnownFileType = sourcecode.c.objc; path = SDWebImageCompat.m; sourceTree = "<group>"; };
		DDE1F6CF1AE4EFAF0040E2CD /* SDWebImageDecoder.h */ = {isa = PBXFileReference; fileEncoding = 4; lastKnownFileType = sourcecode.c.h; path = SDWebImageDecoder.h; sourceTree = "<group>"; };
		DDE1F6D01AE4EFAF0040E2CD /* SDWebImageDecoder.m */ = {isa = PBXFileReference; fileEncoding = 4; lastKnownFileType = sourcecode.c.objc; path = SDWebImageDecoder.m; sourceTree = "<group>"; };
		DDE1F6D11AE4EFAF0040E2CD /* SDWebImageDownloader.h */ = {isa = PBXFileReference; fileEncoding = 4; lastKnownFileType = sourcecode.c.h; path = SDWebImageDownloader.h; sourceTree = "<group>"; };
		DDE1F6D21AE4EFAF0040E2CD /* SDWebImageDownloader.m */ = {isa = PBXFileReference; fileEncoding = 4; lastKnownFileType = sourcecode.c.objc; path = SDWebImageDownloader.m; sourceTree = "<group>"; };
		DDE1F6D31AE4EFAF0040E2CD /* SDWebImageDownloaderOperation.h */ = {isa = PBXFileReference; fileEncoding = 4; lastKnownFileType = sourcecode.c.h; path = SDWebImageDownloaderOperation.h; sourceTree = "<group>"; };
		DDE1F6D41AE4EFAF0040E2CD /* SDWebImageDownloaderOperation.m */ = {isa = PBXFileReference; fileEncoding = 4; lastKnownFileType = sourcecode.c.objc; path = SDWebImageDownloaderOperation.m; sourceTree = "<group>"; };
		DDE1F6D51AE4EFAF0040E2CD /* SDWebImageManager.h */ = {isa = PBXFileReference; fileEncoding = 4; lastKnownFileType = sourcecode.c.h; path = SDWebImageManager.h; sourceTree = "<group>"; };
		DDE1F6D61AE4EFAF0040E2CD /* SDWebImageManager.m */ = {isa = PBXFileReference; fileEncoding = 4; lastKnownFileType = sourcecode.c.objc; path = SDWebImageManager.m; sourceTree = "<group>"; };
		DDE1F6D71AE4EFAF0040E2CD /* SDWebImageOperation.h */ = {isa = PBXFileReference; fileEncoding = 4; lastKnownFileType = sourcecode.c.h; path = SDWebImageOperation.h; sourceTree = "<group>"; };
		DDE1F6D81AE4EFAF0040E2CD /* SDWebImagePrefetcher.h */ = {isa = PBXFileReference; fileEncoding = 4; lastKnownFileType = sourcecode.c.h; path = SDWebImagePrefetcher.h; sourceTree = "<group>"; };
		DDE1F6D91AE4EFAF0040E2CD /* SDWebImagePrefetcher.m */ = {isa = PBXFileReference; fileEncoding = 4; lastKnownFileType = sourcecode.c.objc; path = SDWebImagePrefetcher.m; sourceTree = "<group>"; };
		DDE1F6DA1AE4EFAF0040E2CD /* UIButton+WebCache.h */ = {isa = PBXFileReference; fileEncoding = 4; lastKnownFileType = sourcecode.c.h; path = "UIButton+WebCache.h"; sourceTree = "<group>"; };
		DDE1F6DB1AE4EFAF0040E2CD /* UIButton+WebCache.m */ = {isa = PBXFileReference; fileEncoding = 4; lastKnownFileType = sourcecode.c.objc; path = "UIButton+WebCache.m"; sourceTree = "<group>"; };
		DDE1F6DC1AE4EFAF0040E2CD /* UIImage+GIF.h */ = {isa = PBXFileReference; fileEncoding = 4; lastKnownFileType = sourcecode.c.h; path = "UIImage+GIF.h"; sourceTree = "<group>"; };
		DDE1F6DD1AE4EFAF0040E2CD /* UIImage+GIF.m */ = {isa = PBXFileReference; fileEncoding = 4; lastKnownFileType = sourcecode.c.objc; path = "UIImage+GIF.m"; sourceTree = "<group>"; };
		DDE1F6DE1AE4EFAF0040E2CD /* UIImage+MultiFormat.h */ = {isa = PBXFileReference; fileEncoding = 4; lastKnownFileType = sourcecode.c.h; path = "UIImage+MultiFormat.h"; sourceTree = "<group>"; };
		DDE1F6DF1AE4EFAF0040E2CD /* UIImage+MultiFormat.m */ = {isa = PBXFileReference; fileEncoding = 4; lastKnownFileType = sourcecode.c.objc; path = "UIImage+MultiFormat.m"; sourceTree = "<group>"; };
		DDE1F6E01AE4EFAF0040E2CD /* UIImage+WebP.h */ = {isa = PBXFileReference; fileEncoding = 4; lastKnownFileType = sourcecode.c.h; path = "UIImage+WebP.h"; sourceTree = "<group>"; };
		DDE1F6E11AE4EFAF0040E2CD /* UIImage+WebP.m */ = {isa = PBXFileReference; fileEncoding = 4; lastKnownFileType = sourcecode.c.objc; path = "UIImage+WebP.m"; sourceTree = "<group>"; };
		DDE1F6E21AE4EFAF0040E2CD /* UIImageView+HighlightedWebCache.h */ = {isa = PBXFileReference; fileEncoding = 4; lastKnownFileType = sourcecode.c.h; path = "UIImageView+HighlightedWebCache.h"; sourceTree = "<group>"; };
		DDE1F6E31AE4EFAF0040E2CD /* UIImageView+HighlightedWebCache.m */ = {isa = PBXFileReference; fileEncoding = 4; lastKnownFileType = sourcecode.c.objc; path = "UIImageView+HighlightedWebCache.m"; sourceTree = "<group>"; };
		DDE1F6E41AE4EFAF0040E2CD /* UIImageView+WebCache.h */ = {isa = PBXFileReference; fileEncoding = 4; lastKnownFileType = sourcecode.c.h; path = "UIImageView+WebCache.h"; sourceTree = "<group>"; };
		DDE1F6E51AE4EFAF0040E2CD /* UIImageView+WebCache.m */ = {isa = PBXFileReference; fileEncoding = 4; lastKnownFileType = sourcecode.c.objc; path = "UIImageView+WebCache.m"; sourceTree = "<group>"; };
		DDE1F6E61AE4EFAF0040E2CD /* UIView+WebCacheOperation.h */ = {isa = PBXFileReference; fileEncoding = 4; lastKnownFileType = sourcecode.c.h; path = "UIView+WebCacheOperation.h"; sourceTree = "<group>"; };
		DDE1F6E71AE4EFAF0040E2CD /* UIView+WebCacheOperation.m */ = {isa = PBXFileReference; fileEncoding = 4; lastKnownFileType = sourcecode.c.objc; path = "UIView+WebCacheOperation.m"; sourceTree = "<group>"; };
/* End PBXFileReference section */

/* Begin PBXFrameworksBuildPhase section */
		DD7238CD1ABBB0C8004D70FE /* Frameworks */ = {
			isa = PBXFrameworksBuildPhase;
			buildActionMask = 2147483647;
			files = (
				DDC2E7F01ABC186700EF5582 /* SystemConfiguration.framework in Frameworks */,
				DDC2E7EE1ABC186000EF5582 /* Security.framework in Frameworks */,
				DDC2E7EC1ABC185A00EF5582 /* MediaPlayer.framework in Frameworks */,
				DDC2E7EA1ABC185400EF5582 /* CoreText.framework in Frameworks */,
				DD7238D61ABBB0C8004D70FE /* CoreGraphics.framework in Frameworks */,
				DDC2E7E81ABC184500EF5582 /* CoreMotion.framework in Frameworks */,
				DDC2E7E61ABC183800EF5582 /* AssetsLibrary.framework in Frameworks */,
				DDC2E7E41ABC183300EF5582 /* AddressBook.framework in Frameworks */,
				DDC926AB1ABBD01500CAF1CC /* CoreLocation.framework in Frameworks */,
				DDC2E7E21ABC17DE00EF5582 /* GooglePlus.framework in Frameworks */,
				DDC9268F1ABBB10700CAF1CC /* FacebookSDK.framework in Frameworks */,
				DD7238D81ABBB0C8004D70FE /* UIKit.framework in Frameworks */,
				DDC2E7E01ABC17DE00EF5582 /* GoogleOpenSource.framework in Frameworks */,
				DD7238D41ABBB0C8004D70FE /* Foundation.framework in Frameworks */,
			);
			runOnlyForDeploymentPostprocessing = 0;
		};
		DD7238EE1ABBB0C8004D70FE /* Frameworks */ = {
			isa = PBXFrameworksBuildPhase;
			buildActionMask = 2147483647;
			files = (
				DD7238F31ABBB0C8004D70FE /* XCTest.framework in Frameworks */,
				DD7238F51ABBB0C8004D70FE /* UIKit.framework in Frameworks */,
				DD7238F41ABBB0C8004D70FE /* Foundation.framework in Frameworks */,
			);
			runOnlyForDeploymentPostprocessing = 0;
		};
/* End PBXFrameworksBuildPhase section */

/* Begin PBXGroup section */
		DD4966141AE4F96500872D8E /* Map */ = {
			isa = PBXGroup;
			children = (
				DD4966151AE4F96B00872D8E /* SVViewController.h */,
				DD4966161AE4F96B00872D8E /* SVViewController.m */,
				DD49661B1AE4F97B00872D8E /* SVPulsingAnnotationView.h */,
				DD49661C1AE4F97B00872D8E /* SVPulsingAnnotationView.m */,
				DD4966171AE4F96B00872D8E /* SVAnnotation.h */,
				DD4966181AE4F96B00872D8E /* SVAnnotation.m */,
			);
			path = Map;
			sourceTree = "<group>";
		};
		DD7238C71ABBB0C8004D70FE = {
			isa = PBXGroup;
			children = (
				DD7238D91ABBB0C8004D70FE /* RaoVat69 */,
				DD7238F81ABBB0C8004D70FE /* RaoVat69Tests */,
				DD7238D21ABBB0C8004D70FE /* Frameworks */,
				DD7238D11ABBB0C8004D70FE /* Products */,
			);
			sourceTree = "<group>";
		};
		DD7238D11ABBB0C8004D70FE /* Products */ = {
			isa = PBXGroup;
			children = (
				DD7238D01ABBB0C8004D70FE /* RaoVat69.app */,
				DD7238F11ABBB0C8004D70FE /* RaoVat69Tests.xctest */,
			);
			name = Products;
			sourceTree = "<group>";
		};
		DD7238D21ABBB0C8004D70FE /* Frameworks */ = {
			isa = PBXGroup;
			children = (
				DDC2E7EF1ABC186700EF5582 /* SystemConfiguration.framework */,
				DDC2E7ED1ABC186000EF5582 /* Security.framework */,
				DDC2E7EB1ABC185A00EF5582 /* MediaPlayer.framework */,
				DDC2E7E91ABC185400EF5582 /* CoreText.framework */,
				DDC2E7E71ABC184500EF5582 /* CoreMotion.framework */,
				DDC2E7E51ABC183800EF5582 /* AssetsLibrary.framework */,
				DDC2E7E31ABC183300EF5582 /* AddressBook.framework */,
				DDC2E7DD1ABC17DE00EF5582 /* GoogleOpenSource.framework */,
				DDC2E7DE1ABC17DE00EF5582 /* GooglePlus.bundle */,
				DDC2E7DF1ABC17DE00EF5582 /* GooglePlus.framework */,
				DDC926AA1ABBD01500CAF1CC /* CoreLocation.framework */,
				DDC9268E1ABBB10700CAF1CC /* FacebookSDK.framework */,
				DD7238D31ABBB0C8004D70FE /* Foundation.framework */,
				DD7238D51ABBB0C8004D70FE /* CoreGraphics.framework */,
				DD7238D71ABBB0C8004D70FE /* UIKit.framework */,
				DD7238F21ABBB0C8004D70FE /* XCTest.framework */,
			);
			name = Frameworks;
			sourceTree = "<group>";
		};
		DD7238D91ABBB0C8004D70FE /* RaoVat69 */ = {
			isa = PBXGroup;
			children = (
				DD7238E21ABBB0C8004D70FE /* AppDelegate.h */,
				DD7238E31ABBB0C8004D70FE /* AppDelegate.m */,
				DD7238E51ABBB0C8004D70FE /* Main.storyboard */,
				DDB0A2D21AC2A935003BFF67 /* XibFile */,
				DDB0A2CE1AC2A8F0003BFF67 /* Classes */,
				DDB0A2CD1AC2A8DF003BFF67 /* Controller */,
				DDB0A2CC1AC2A8C8003BFF67 /* Test_sample */,
				DDC926A51ABBB23D00CAF1CC /* IMGSource */,
				DDC926A11ABBB1DD00CAF1CC /* DataObject */,
				DDC926901ABBB13100CAF1CC /* Lib */,
				DD7238EB1ABBB0C8004D70FE /* Images.xcassets */,
				DDB0A2D51AC2A9C7003BFF67 /* HomeSource.xcassets */,
				DDC95AB01AC3C63600C3DB56 /* XungQuanh.xcassets */,
				DD1B2CA01AC92AD100774D3E /* Detail.xcassets */,
				DD7238DA1ABBB0C8004D70FE /* Supporting Files */,
			);
			path = RaoVat69;
			sourceTree = "<group>";
		};
		DD7238DA1ABBB0C8004D70FE /* Supporting Files */ = {
			isa = PBXGroup;
			children = (
				DD7238DB1ABBB0C8004D70FE /* RaoVat69-Info.plist */,
				DD7238DC1ABBB0C8004D70FE /* InfoPlist.strings */,
				DD7238DF1ABBB0C8004D70FE /* main.m */,
				DD7238E11ABBB0C8004D70FE /* RaoVat69-Prefix.pch */,
				DDC2E7F11ABC1A3E00EF5582 /* AppConfig.h */,
				DDB0A2D71AC2ADBB003BFF67 /* Config.h */,
			);
			name = "Supporting Files";
			sourceTree = "<group>";
		};
		DD7238F81ABBB0C8004D70FE /* RaoVat69Tests */ = {
			isa = PBXGroup;
			children = (
				DD7238FE1ABBB0C8004D70FE /* RaoVat69Tests.m */,
				DD7238F91ABBB0C8004D70FE /* Supporting Files */,
			);
			path = RaoVat69Tests;
			sourceTree = "<group>";
		};
		DD7238F91ABBB0C8004D70FE /* Supporting Files */ = {
			isa = PBXGroup;
			children = (
				DD7238FA1ABBB0C8004D70FE /* RaoVat69Tests-Info.plist */,
				DD7238FB1ABBB0C8004D70FE /* InfoPlist.strings */,
			);
			name = "Supporting Files";
			sourceTree = "<group>";
		};
		DDB0A2CC1AC2A8C8003BFF67 /* Test_sample */ = {
			isa = PBXGroup;
			children = (
				DD7238E81ABBB0C8004D70FE /* ViewController.h */,
				DD7238E91ABBB0C8004D70FE /* ViewController.m */,
				DDE0B3111ABC4D9D0096AAE7 /* Test.h */,
				DDE0B3121ABC4D9D0096AAE7 /* Test.m */,
			);
			name = Test_sample;
			sourceTree = "<group>";
		};
		DDB0A2CD1AC2A8DF003BFF67 /* Controller */ = {
			isa = PBXGroup;
			children = (
				DDB0A2E91AC2F9D2003BFF67 /* CaiData */,
				DDB0A2E81AC2F9CA003BFF67 /* TaiKhoan */,
				DDB0A2E71AC2F9C6003BFF67 /* DanhMuc */,
				DDB0A2E61AC2F9BF003BFF67 /* QuanTam */,
				DDB0A2E51AC2F9B8003BFF67 /* XungQuanh */,
				DDB0A2CF1AC2A923003BFF67 /* RootTabbar.h */,
				DDB0A2D01AC2A923003BFF67 /* RootTabbar.m */,
			);
			name = Controller;
			sourceTree = "<group>";
		};
		DDB0A2CE1AC2A8F0003BFF67 /* Classes */ = {
			isa = PBXGroup;
			children = (
			);
			name = Classes;
			sourceTree = "<group>";
		};
		DDB0A2D21AC2A935003BFF67 /* XibFile */ = {
			isa = PBXGroup;
			children = (
				DDB0A2D31AC2A94A003BFF67 /* Tabbar.xib */,
				DDB0A2F91AC2FD13003BFF67 /* LoginRequest.xib */,
			);
			name = XibFile;
			sourceTree = "<group>";
		};
		DDB0A2D81AC2F728003BFF67 /* Navigator */ = {
			isa = PBXGroup;
			children = (
				DDB0A2DC1AC2F764003BFF67 /* CRNavigationBar.h */,
				DDB0A2DD1AC2F764003BFF67 /* CRNavigationBar.m */,
				DDB0A2DE1AC2F764003BFF67 /* CRNavigationController.h */,
				DDB0A2DF1AC2F764003BFF67 /* CRNavigationController.m */,
				DDB0A2E01AC2F764003BFF67 /* UIView+Roundify.h */,
				DDB0A2E11AC2F764003BFF67 /* UIView+Roundify.m */,
				DDB0A2D91AC2F742003BFF67 /* LKSNAV.h */,
				DDB0A2DA1AC2F742003BFF67 /* LKSNAV.m */,
			);
			name = Navigator;
			sourceTree = "<group>";
		};
		DDB0A2E51AC2F9B8003BFF67 /* XungQuanh */ = {
			isa = PBXGroup;
			children = (
				DDC746EC1AE4B334006F8604 /* Detail */,
				DDB0A2F31AC2FA24003BFF67 /* XQController.h */,
				DDB0A2F41AC2FA24003BFF67 /* XQController.m */,
			);
			name = XungQuanh;
			sourceTree = "<group>";
		};
		DDB0A2E61AC2F9BF003BFF67 /* QuanTam */ = {
			isa = PBXGroup;
			children = (
				DDB0A2ED1AC2F9EF003BFF67 /* QTController.h */,
				DDB0A2EE1AC2F9EF003BFF67 /* QTController.m */,
			);
			name = QuanTam;
			sourceTree = "<group>";
		};
		DDB0A2E71AC2F9C6003BFF67 /* DanhMuc */ = {
			isa = PBXGroup;
			children = (
				DDB0A2F01AC2F9FA003BFF67 /* DMController.h */,
				DDB0A2F11AC2F9FA003BFF67 /* DMController.m */,
			);
			name = DanhMuc;
			sourceTree = "<group>";
		};
		DDB0A2E81AC2F9CA003BFF67 /* TaiKhoan */ = {
			isa = PBXGroup;
			children = (
				DDB0A2EA1AC2F9E5003BFF67 /* TKController.h */,
				DDB0A2EB1AC2F9E5003BFF67 /* TKController.m */,
			);
			name = TaiKhoan;
			sourceTree = "<group>";
		};
		DDB0A2E91AC2F9D2003BFF67 /* CaiData */ = {
			isa = PBXGroup;
			children = (
				DDB0A2F61AC2FA2D003BFF67 /* CDController.h */,
				DDB0A2F71AC2FA2D003BFF67 /* CDController.m */,
			);
			name = CaiData;
			sourceTree = "<group>";
		};
		DDC746EC1AE4B334006F8604 /* Detail */ = {
			isa = PBXGroup;
			children = (
				DDC746F01AE4B3CA006F8604 /* XIB */,
				DDC746ED1AE4B3A5006F8604 /* DTXQController.h */,
				DDC746EE1AE4B3A5006F8604 /* DTXQController.m */,
			);
			name = Detail;
			sourceTree = "<group>";
		};
		DDC746F01AE4B3CA006F8604 /* XIB */ = {
			isa = PBXGroup;
			children = (
				DDC746F11AE4B3EA006F8604 /* DTXQHeader.xib */,
				DDC746F31AE4C395006F8604 /* ContentDetail.xib */,
				DDC746F51AE4C3E1006F8604 /* IMGView1.xib */,
				DDC746F71AE4C4CA006F8604 /* IMGView2.xib */,
				DDC746F81AE4C4CA006F8604 /* IMGView3.xib */,
				DDC746F91AE4C4CA006F8604 /* IMGView4.xib */,
				DDC746FA1AE4C4CA006F8604 /* IMGView5.xib */,
				DDC746FB1AE4C4CA006F8604 /* IMGView6.xib */,
			);
			name = XIB;
			sourceTree = "<group>";
		};
		DDC926901ABBB13100CAF1CC /* Lib */ = {
			isa = PBXGroup;
			children = (
				DDE0B3431ABC4F540096AAE7 /* ShareLib */,
				DDC926911ABBB13100CAF1CC /* LKS_Lib */,
			);
			path = Lib;
			sourceTree = "<group>";
		};
		DDC926911ABBB13100CAF1CC /* LKS_Lib */ = {
			isa = PBXGroup;
			children = (
				DDB0A2D81AC2F728003BFF67 /* Navigator */,
				DDC9269E1ABBB16500CAF1CC /* LIB_UI */,
				DDC926921ABBB13100CAF1CC /* HTTPRequest.h */,
				DDC926931ABBB13100CAF1CC /* HTTPRequest.m */,
				DDC9269B1ABBB14D00CAF1CC /* HTTPUpLoadFile.h */,
				DDC9269C1ABBB14D00CAF1CC /* HTTPUpLoadFile.m */,
				DDC926941ABBB13100CAF1CC /* NSString+LKSData.h */,
				DDC926951ABBB13100CAF1CC /* NSString+LKSData.m */,
				DDC926961ABBB13100CAF1CC /* NSString+LKSString.h */,
				DDC926971ABBB13100CAF1CC /* NSString+LKSString.m */,
			);
			path = LKS_Lib;
			sourceTree = "<group>";
		};
		DDC9269E1ABBB16500CAF1CC /* LIB_UI */ = {
			isa = PBXGroup;
			children = (
				DDC9269F1ABBB17300CAF1CC /* Upload.xib */,
			);
			path = LIB_UI;
			sourceTree = "<group>";
		};
		DDC926A11ABBB1DD00CAF1CC /* DataObject */ = {
			isa = PBXGroup;
			children = (
				DDC926A21ABBB1E300CAF1CC /* UserFB.h */,
				DDC926A31ABBB1E300CAF1CC /* UserFB.m */,
				DDC2E7F21ABC1B6800EF5582 /* UserGoole.h */,
				DDC2E7F31ABC1B6800EF5582 /* UserGoole.m */,
			);
			path = DataObject;
			sourceTree = "<group>";
		};
		DDC926A51ABBB23D00CAF1CC /* IMGSource */ = {
			isa = PBXGroup;
			children = (
			);
			path = IMGSource;
			sourceTree = "<group>";
		};
		DDC95AE41AC3F9C900C3DB56 /* JSIMG */ = {
			isa = PBXGroup;
			children = (
				DDC95AE51AC3F9C900C3DB56 /* JSImagePickerViewController.h */,
				DDC95AE61AC3F9C900C3DB56 /* JSImagePickerViewController.m */,
			);
			path = JSIMG;
			sourceTree = "<group>";
		};
		DDE0B3431ABC4F540096AAE7 /* ShareLib */ = {
			isa = PBXGroup;
			children = (
				DD4966141AE4F96500872D8E /* Map */,
				DDE1F6891AE4EFAF0040E2CD /* MPLib */,
				DDC95AE41AC3F9C900C3DB56 /* JSIMG */,
			);
			name = ShareLib;
			sourceTree = "<group>";
		};
		DDE1F6891AE4EFAF0040E2CD /* MPLib */ = {
			isa = PBXGroup;
			children = (
				DD4966121AE4F2CD00872D8E /* MWPhotoBrowser.bundle */,
				DDE1F68A1AE4EFAF0040E2CD /* Classes */,
				DDE1F69E1AE4EFAF0040E2CD /* Libraries */,
			);
			path = MPLib;
			sourceTree = "<group>";
		};
		DDE1F68A1AE4EFAF0040E2CD /* Classes */ = {
			isa = PBXGroup;
			children = (
				DDE1F68B1AE4EFAF0040E2CD /* MWCaptionView.h */,
				DDE1F68C1AE4EFAF0040E2CD /* MWCaptionView.m */,
				DDE1F68D1AE4EFAF0040E2CD /* MWCommon.h */,
				DDE1F68E1AE4EFAF0040E2CD /* MWGridCell.h */,
				DDE1F68F1AE4EFAF0040E2CD /* MWGridCell.m */,
				DDE1F6901AE4EFAF0040E2CD /* MWGridViewController.h */,
				DDE1F6911AE4EFAF0040E2CD /* MWGridViewController.m */,
				DDE1F6921AE4EFAF0040E2CD /* MWPhoto.h */,
				DDE1F6931AE4EFAF0040E2CD /* MWPhoto.m */,
				DDE1F6941AE4EFAF0040E2CD /* MWPhotoBrowser.h */,
				DDE1F6951AE4EFAF0040E2CD /* MWPhotoBrowser.m */,
				DDE1F6961AE4EFAF0040E2CD /* MWPhotoBrowserPrivate.h */,
				DDE1F6971AE4EFAF0040E2CD /* MWPhotoProtocol.h */,
				DDE1F6981AE4EFAF0040E2CD /* MWTapDetectingImageView.h */,
				DDE1F6991AE4EFAF0040E2CD /* MWTapDetectingImageView.m */,
				DDE1F69A1AE4EFAF0040E2CD /* MWTapDetectingView.h */,
				DDE1F69B1AE4EFAF0040E2CD /* MWTapDetectingView.m */,
				DDE1F69C1AE4EFAF0040E2CD /* MWZoomingScrollView.h */,
				DDE1F69D1AE4EFAF0040E2CD /* MWZoomingScrollView.m */,
			);
			path = Classes;
			sourceTree = "<group>";
		};
		DDE1F69E1AE4EFAF0040E2CD /* Libraries */ = {
			isa = PBXGroup;
			children = (
				DDE1F69F1AE4EFAF0040E2CD /* DACircularProgress */,
				DDE1F6A21AE4EFAF0040E2CD /* MBProgressHUD */,
				DDE1F6A61AE4EFAF0040E2CD /* PSTCollectionView */,
				DDE1F6C31AE4EFAF0040E2CD /* SDWebImage */,
			);
			path = Libraries;
			sourceTree = "<group>";
		};
		DDE1F69F1AE4EFAF0040E2CD /* DACircularProgress */ = {
			isa = PBXGroup;
			children = (
				DDE1F6A01AE4EFAF0040E2CD /* DACircularProgressView.h */,
				DDE1F6A11AE4EFAF0040E2CD /* DACircularProgressView.m */,
			);
			path = DACircularProgress;
			sourceTree = "<group>";
		};
		DDE1F6A21AE4EFAF0040E2CD /* MBProgressHUD */ = {
			isa = PBXGroup;
			children = (
				DDE1F6A31AE4EFAF0040E2CD /* MBProgressHUD.h */,
				DDE1F6A41AE4EFAF0040E2CD /* MBProgressHUD.m */,
				DDE1F6A51AE4EFAF0040E2CD /* README.mdown */,
			);
			path = MBProgressHUD;
			sourceTree = "<group>";
		};
		DDE1F6A61AE4EFAF0040E2CD /* PSTCollectionView */ = {
			isa = PBXGroup;
			children = (
				DDE1F6A71AE4EFAF0040E2CD /* NSIndexPath+PSTCollectionViewAdditions.h */,
				DDE1F6A81AE4EFAF0040E2CD /* NSIndexPath+PSTCollectionViewAdditions.m */,
				DDE1F6A91AE4EFAF0040E2CD /* PSTCollectionView.h */,
				DDE1F6AA1AE4EFAF0040E2CD /* PSTCollectionView.m */,
				DDE1F6AB1AE4EFAF0040E2CD /* PSTCollectionViewCell.h */,
				DDE1F6AC1AE4EFAF0040E2CD /* PSTCollectionViewCell.m */,
				DDE1F6AD1AE4EFAF0040E2CD /* PSTCollectionViewCommon.h */,
				DDE1F6AE1AE4EFAF0040E2CD /* PSTCollectionViewController.h */,
				DDE1F6AF1AE4EFAF0040E2CD /* PSTCollectionViewController.m */,
				DDE1F6B01AE4EFAF0040E2CD /* PSTCollectionViewData.h */,
				DDE1F6B11AE4EFAF0040E2CD /* PSTCollectionViewData.m */,
				DDE1F6B21AE4EFAF0040E2CD /* PSTCollectionViewFlowLayout.h */,
				DDE1F6B31AE4EFAF0040E2CD /* PSTCollectionViewFlowLayout.m */,
				DDE1F6B41AE4EFAF0040E2CD /* PSTCollectionViewItemKey.h */,
				DDE1F6B51AE4EFAF0040E2CD /* PSTCollectionViewItemKey.m */,
				DDE1F6B61AE4EFAF0040E2CD /* PSTCollectionViewLayout+Internals.h */,
				DDE1F6B71AE4EFAF0040E2CD /* PSTCollectionViewLayout.h */,
				DDE1F6B81AE4EFAF0040E2CD /* PSTCollectionViewLayout.m */,
				DDE1F6B91AE4EFAF0040E2CD /* PSTCollectionViewUpdateItem.h */,
				DDE1F6BA1AE4EFAF0040E2CD /* PSTCollectionViewUpdateItem.m */,
				DDE1F6BB1AE4EFAF0040E2CD /* PSTGridLayoutInfo.h */,
				DDE1F6BC1AE4EFAF0040E2CD /* PSTGridLayoutInfo.m */,
				DDE1F6BD1AE4EFAF0040E2CD /* PSTGridLayoutItem.h */,
				DDE1F6BE1AE4EFAF0040E2CD /* PSTGridLayoutItem.m */,
				DDE1F6BF1AE4EFAF0040E2CD /* PSTGridLayoutRow.h */,
				DDE1F6C01AE4EFAF0040E2CD /* PSTGridLayoutRow.m */,
				DDE1F6C11AE4EFAF0040E2CD /* PSTGridLayoutSection.h */,
				DDE1F6C21AE4EFAF0040E2CD /* PSTGridLayoutSection.m */,
			);
			path = PSTCollectionView;
			sourceTree = "<group>";
		};
		DDE1F6C31AE4EFAF0040E2CD /* SDWebImage */ = {
			isa = PBXGroup;
			children = (
				DDE1F6C41AE4EFAF0040E2CD /* LICENSE */,
				DDE1F6C51AE4EFAF0040E2CD /* README.md */,
				DDE1F6C61AE4EFAF0040E2CD /* SDWebImage */,
			);
			path = SDWebImage;
			sourceTree = "<group>";
		};
		DDE1F6C61AE4EFAF0040E2CD /* SDWebImage */ = {
			isa = PBXGroup;
			children = (
				DDE1F6C71AE4EFAF0040E2CD /* MKAnnotationView+WebCache.h */,
				DDE1F6C81AE4EFAF0040E2CD /* MKAnnotationView+WebCache.m */,
				DDE1F6C91AE4EFAF0040E2CD /* NSData+ImageContentType.h */,
				DDE1F6CA1AE4EFAF0040E2CD /* NSData+ImageContentType.m */,
				DDE1F6CB1AE4EFAF0040E2CD /* SDImageCache.h */,
				DDE1F6CC1AE4EFAF0040E2CD /* SDImageCache.m */,
				DDE1F6CD1AE4EFAF0040E2CD /* SDWebImageCompat.h */,
				DDE1F6CE1AE4EFAF0040E2CD /* SDWebImageCompat.m */,
				DDE1F6CF1AE4EFAF0040E2CD /* SDWebImageDecoder.h */,
				DDE1F6D01AE4EFAF0040E2CD /* SDWebImageDecoder.m */,
				DDE1F6D11AE4EFAF0040E2CD /* SDWebImageDownloader.h */,
				DDE1F6D21AE4EFAF0040E2CD /* SDWebImageDownloader.m */,
				DDE1F6D31AE4EFAF0040E2CD /* SDWebImageDownloaderOperation.h */,
				DDE1F6D41AE4EFAF0040E2CD /* SDWebImageDownloaderOperation.m */,
				DDE1F6D51AE4EFAF0040E2CD /* SDWebImageManager.h */,
				DDE1F6D61AE4EFAF0040E2CD /* SDWebImageManager.m */,
				DDE1F6D71AE4EFAF0040E2CD /* SDWebImageOperation.h */,
				DDE1F6D81AE4EFAF0040E2CD /* SDWebImagePrefetcher.h */,
				DDE1F6D91AE4EFAF0040E2CD /* SDWebImagePrefetcher.m */,
				DDE1F6DA1AE4EFAF0040E2CD /* UIButton+WebCache.h */,
				DDE1F6DB1AE4EFAF0040E2CD /* UIButton+WebCache.m */,
				DDE1F6DC1AE4EFAF0040E2CD /* UIImage+GIF.h */,
				DDE1F6DD1AE4EFAF0040E2CD /* UIImage+GIF.m */,
				DDE1F6DE1AE4EFAF0040E2CD /* UIImage+MultiFormat.h */,
				DDE1F6DF1AE4EFAF0040E2CD /* UIImage+MultiFormat.m */,
				DDE1F6E01AE4EFAF0040E2CD /* UIImage+WebP.h */,
				DDE1F6E11AE4EFAF0040E2CD /* UIImage+WebP.m */,
				DDE1F6E21AE4EFAF0040E2CD /* UIImageView+HighlightedWebCache.h */,
				DDE1F6E31AE4EFAF0040E2CD /* UIImageView+HighlightedWebCache.m */,
				DDE1F6E41AE4EFAF0040E2CD /* UIImageView+WebCache.h */,
				DDE1F6E51AE4EFAF0040E2CD /* UIImageView+WebCache.m */,
				DDE1F6E61AE4EFAF0040E2CD /* UIView+WebCacheOperation.h */,
				DDE1F6E71AE4EFAF0040E2CD /* UIView+WebCacheOperation.m */,
			);
			path = SDWebImage;
			sourceTree = "<group>";
		};
/* End PBXGroup section */

/* Begin PBXNativeTarget section */
		DD7238CF1ABBB0C8004D70FE /* RaoVat69 */ = {
			isa = PBXNativeTarget;
			buildConfigurationList = DD7239021ABBB0C8004D70FE /* Build configuration list for PBXNativeTarget "RaoVat69" */;
			buildPhases = (
				DD7238CC1ABBB0C8004D70FE /* Sources */,
				DD7238CD1ABBB0C8004D70FE /* Frameworks */,
				DD7238CE1ABBB0C8004D70FE /* Resources */,
			);
			buildRules = (
			);
			dependencies = (
			);
			name = RaoVat69;
			productName = RaoVat69;
			productReference = DD7238D01ABBB0C8004D70FE /* RaoVat69.app */;
			productType = "com.apple.product-type.application";
		};
		DD7238F01ABBB0C8004D70FE /* RaoVat69Tests */ = {
			isa = PBXNativeTarget;
			buildConfigurationList = DD7239051ABBB0C8004D70FE /* Build configuration list for PBXNativeTarget "RaoVat69Tests" */;
			buildPhases = (
				DD7238ED1ABBB0C8004D70FE /* Sources */,
				DD7238EE1ABBB0C8004D70FE /* Frameworks */,
				DD7238EF1ABBB0C8004D70FE /* Resources */,
			);
			buildRules = (
			);
			dependencies = (
				DD7238F71ABBB0C8004D70FE /* PBXTargetDependency */,
			);
			name = RaoVat69Tests;
			productName = RaoVat69Tests;
			productReference = DD7238F11ABBB0C8004D70FE /* RaoVat69Tests.xctest */;
			productType = "com.apple.product-type.bundle.unit-test";
		};
/* End PBXNativeTarget section */

/* Begin PBXProject section */
		DD7238C81ABBB0C8004D70FE /* Project object */ = {
			isa = PBXProject;
			attributes = {
				LastUpgradeCheck = 0510;
				ORGANIZATIONNAME = "White Fox";
				TargetAttributes = {
					DD7238CF1ABBB0C8004D70FE = {
						DevelopmentTeam = 6DM273CHMY;
						SystemCapabilities = {
							com.apple.BackgroundModes = {
								enabled = 1;
							};
							com.apple.Maps.iOS = {
								enabled = 0;
							};
						};
					};
					DD7238F01ABBB0C8004D70FE = {
						TestTargetID = DD7238CF1ABBB0C8004D70FE;
					};
				};
			};
			buildConfigurationList = DD7238CB1ABBB0C8004D70FE /* Build configuration list for PBXProject "RaoVat69" */;
			compatibilityVersion = "Xcode 3.2";
			developmentRegion = English;
			hasScannedForEncodings = 0;
			knownRegions = (
				en,
				Base,
			);
			mainGroup = DD7238C71ABBB0C8004D70FE;
			productRefGroup = DD7238D11ABBB0C8004D70FE /* Products */;
			projectDirPath = "";
			projectRoot = "";
			targets = (
				DD7238CF1ABBB0C8004D70FE /* RaoVat69 */,
				DD7238F01ABBB0C8004D70FE /* RaoVat69Tests */,
			);
		};
/* End PBXProject section */

/* Begin PBXResourcesBuildPhase section */
		DD7238CE1ABBB0C8004D70FE /* Resources */ = {
			isa = PBXResourcesBuildPhase;
			buildActionMask = 2147483647;
			files = (
				DDC746F41AE4C395006F8604 /* ContentDetail.xib in Resources */,
				DDC746F61AE4C3E1006F8604 /* IMGView1.xib in Resources */,
				DDC95AB11AC3C63600C3DB56 /* XungQuanh.xcassets in Resources */,
				DDE1F7011AE4EFAF0040E2CD /* README.md in Resources */,
				DDC926A01ABBB17300CAF1CC /* Upload.xib in Resources */,
				DDE1F6F21AE4EFAF0040E2CD /* README.mdown in Resources */,
				DDC746FF1AE4C4CA006F8604 /* IMGView5.xib in Resources */,
				DDB0A2D61AC2A9C7003BFF67 /* HomeSource.xcassets in Resources */,
				DDC746F21AE4B3EA006F8604 /* DTXQHeader.xib in Resources */,
				DD7238EC1ABBB0C8004D70FE /* Images.xcassets in Resources */,
				DD1B2CA11AC92AD100774D3E /* Detail.xcassets in Resources */,
				DD7238DE1ABBB0C8004D70FE /* InfoPlist.strings in Resources */,
				DDC746FE1AE4C4CA006F8604 /* IMGView4.xib in Resources */,
				DDC746FC1AE4C4CA006F8604 /* IMGView2.xib in Resources */,
				DDC746FD1AE4C4CA006F8604 /* IMGView3.xib in Resources */,
				DDE1F7001AE4EFAF0040E2CD /* LICENSE in Resources */,
				DDC747001AE4C4CA006F8604 /* IMGView6.xib in Resources */,
				DD4966131AE4F2CD00872D8E /* MWPhotoBrowser.bundle in Resources */,
				DD7238E71ABBB0C8004D70FE /* Main.storyboard in Resources */,
				DDC2E7E11ABC17DE00EF5582 /* GooglePlus.bundle in Resources */,
				DDB0A2D41AC2A94A003BFF67 /* Tabbar.xib in Resources */,
				DDB0A2FA1AC2FD13003BFF67 /* LoginRequest.xib in Resources */,
			);
			runOnlyForDeploymentPostprocessing = 0;
		};
		DD7238EF1ABBB0C8004D70FE /* Resources */ = {
			isa = PBXResourcesBuildPhase;
			buildActionMask = 2147483647;
			files = (
				DD7238FD1ABBB0C8004D70FE /* InfoPlist.strings in Resources */,
			);
			runOnlyForDeploymentPostprocessing = 0;
		};
/* End PBXResourcesBuildPhase section */

/* Begin PBXSourcesBuildPhase section */
		DD7238CC1ABBB0C8004D70FE /* Sources */ = {
			isa = PBXSourcesBuildPhase;
			buildActionMask = 2147483647;
			files = (
				DDE1F6FA1AE4EFAF0040E2CD /* PSTCollectionViewLayout.m in Sources */,
				DDB0A2E41AC2F764003BFF67 /* UIView+Roundify.m in Sources */,
				DDE1F7101AE4EFAF0040E2CD /* UIImageView+WebCache.m in Sources */,
				DDE1F7081AE4EFAF0040E2CD /* SDWebImageDownloaderOperation.m in Sources */,
				DDE1F6EE1AE4EFAF0040E2CD /* MWTapDetectingView.m in Sources */,
				DD4966191AE4F96B00872D8E /* SVViewController.m in Sources */,
				DDE1F6F51AE4EFAF0040E2CD /* PSTCollectionViewCell.m in Sources */,
				DDE1F70E1AE4EFAF0040E2CD /* UIImage+WebP.m in Sources */,
				DD7238EA1ABBB0C8004D70FE /* ViewController.m in Sources */,
				DDE1F7051AE4EFAF0040E2CD /* SDWebImageCompat.m in Sources */,
				DDE1F6EF1AE4EFAF0040E2CD /* MWZoomingScrollView.m in Sources */,
				DDC746EF1AE4B3A5006F8604 /* DTXQController.m in Sources */,
				DDE1F70A1AE4EFAF0040E2CD /* SDWebImagePrefetcher.m in Sources */,
				DDE1F7041AE4EFAF0040E2CD /* SDImageCache.m in Sources */,
				DDC926991ABBB13100CAF1CC /* NSString+LKSData.m in Sources */,
				DDC926A41ABBB1E300CAF1CC /* UserFB.m in Sources */,
				DDB0A2E21AC2F764003BFF67 /* CRNavigationBar.m in Sources */,
				DDE1F7061AE4EFAF0040E2CD /* SDWebImageDecoder.m in Sources */,
				DDC926981ABBB13100CAF1CC /* HTTPRequest.m in Sources */,
				DDE1F70F1AE4EFAF0040E2CD /* UIImageView+HighlightedWebCache.m in Sources */,
				DDE1F6F61AE4EFAF0040E2CD /* PSTCollectionViewController.m in Sources */,
				DDC9269D1ABBB14D00CAF1CC /* HTTPUpLoadFile.m in Sources */,
				DDB0A2F81AC2FA2D003BFF67 /* CDController.m in Sources */,
				DDE1F6FB1AE4EFAF0040E2CD /* PSTCollectionViewUpdateItem.m in Sources */,
				DDE1F6E91AE4EFAF0040E2CD /* MWGridCell.m in Sources */,
				DDE1F6FF1AE4EFAF0040E2CD /* PSTGridLayoutSection.m in Sources */,
				DDE1F70D1AE4EFAF0040E2CD /* UIImage+MultiFormat.m in Sources */,
				DDE1F7021AE4EFAF0040E2CD /* MKAnnotationView+WebCache.m in Sources */,
				DDE1F6FE1AE4EFAF0040E2CD /* PSTGridLayoutRow.m in Sources */,
				DDB0A2F21AC2F9FA003BFF67 /* DMController.m in Sources */,
				DDE1F6EA1AE4EFAF0040E2CD /* MWGridViewController.m in Sources */,
				DDE1F70C1AE4EFAF0040E2CD /* UIImage+GIF.m in Sources */,
				DD49661A1AE4F96B00872D8E /* SVAnnotation.m in Sources */,
				DDE1F6EB1AE4EFAF0040E2CD /* MWPhoto.m in Sources */,
				DDE1F6F11AE4EFAF0040E2CD /* MBProgressHUD.m in Sources */,
				DDE1F7111AE4EFAF0040E2CD /* UIView+WebCacheOperation.m in Sources */,
				DDB0A2EC1AC2F9E5003BFF67 /* TKController.m in Sources */,
				DDE1F7091AE4EFAF0040E2CD /* SDWebImageManager.m in Sources */,
				DDB0A2EF1AC2F9EF003BFF67 /* QTController.m in Sources */,
				DDE0B3131ABC4D9D0096AAE7 /* Test.m in Sources */,
				DDE1F6F91AE4EFAF0040E2CD /* PSTCollectionViewItemKey.m in Sources */,
				DDB0A2F51AC2FA24003BFF67 /* XQController.m in Sources */,
				DDB0A2DB1AC2F742003BFF67 /* LKSNAV.m in Sources */,
				DDE1F6EC1AE4EFAF0040E2CD /* MWPhotoBrowser.m in Sources */,
				DDE1F6FC1AE4EFAF0040E2CD /* PSTGridLayoutInfo.m in Sources */,
				DDC95AE71AC3F9C900C3DB56 /* JSImagePickerViewController.m in Sources */,
				DDE1F6F01AE4EFAF0040E2CD /* DACircularProgressView.m in Sources */,
				DDE1F6E81AE4EFAF0040E2CD /* MWCaptionView.m in Sources */,
				DDE1F6F71AE4EFAF0040E2CD /* PSTCollectionViewData.m in Sources */,
				DDC9269A1ABBB13100CAF1CC /* NSString+LKSString.m in Sources */,
				DDE1F6F31AE4EFAF0040E2CD /* NSIndexPath+PSTCollectionViewAdditions.m in Sources */,
				DDE1F6F81AE4EFAF0040E2CD /* PSTCollectionViewFlowLayout.m in Sources */,
				DDE1F7031AE4EFAF0040E2CD /* NSData+ImageContentType.m in Sources */,
				DD49661D1AE4F97B00872D8E /* SVPulsingAnnotationView.m in Sources */,
				DDE1F6ED1AE4EFAF0040E2CD /* MWTapDetectingImageView.m in Sources */,
				DDE1F6F41AE4EFAF0040E2CD /* PSTCollectionView.m in Sources */,
				DDE1F70B1AE4EFAF0040E2CD /* UIButton+WebCache.m in Sources */,
				DD7238E41ABBB0C8004D70FE /* AppDelegate.m in Sources */,
				DDE1F6FD1AE4EFAF0040E2CD /* PSTGridLayoutItem.m in Sources */,
				DDE1F7071AE4EFAF0040E2CD /* SDWebImageDownloader.m in Sources */,
				DD7238E01ABBB0C8004D70FE /* main.m in Sources */,
				DDB0A2D11AC2A923003BFF67 /* RootTabbar.m in Sources */,
				DDB0A2E31AC2F764003BFF67 /* CRNavigationController.m in Sources */,
				DDC2E7F41ABC1B6800EF5582 /* UserGoole.m in Sources */,
			);
			runOnlyForDeploymentPostprocessing = 0;
		};
		DD7238ED1ABBB0C8004D70FE /* Sources */ = {
			isa = PBXSourcesBuildPhase;
			buildActionMask = 2147483647;
			files = (
				DD7238FF1ABBB0C8004D70FE /* RaoVat69Tests.m in Sources */,
			);
			runOnlyForDeploymentPostprocessing = 0;
		};
/* End PBXSourcesBuildPhase section */

/* Begin PBXTargetDependency section */
		DD7238F71ABBB0C8004D70FE /* PBXTargetDependency */ = {
			isa = PBXTargetDependency;
			target = DD7238CF1ABBB0C8004D70FE /* RaoVat69 */;
			targetProxy = DD7238F61ABBB0C8004D70FE /* PBXContainerItemProxy */;
		};
/* End PBXTargetDependency section */

/* Begin PBXVariantGroup section */
		DD7238DC1ABBB0C8004D70FE /* InfoPlist.strings */ = {
			isa = PBXVariantGroup;
			children = (
				DD7238DD1ABBB0C8004D70FE /* en */,
			);
			name = InfoPlist.strings;
			sourceTree = "<group>";
		};
		DD7238E51ABBB0C8004D70FE /* Main.storyboard */ = {
			isa = PBXVariantGroup;
			children = (
				DD7238E61ABBB0C8004D70FE /* Base */,
			);
			name = Main.storyboard;
			sourceTree = "<group>";
		};
		DD7238FB1ABBB0C8004D70FE /* InfoPlist.strings */ = {
			isa = PBXVariantGroup;
			children = (
				DD7238FC1ABBB0C8004D70FE /* en */,
			);
			name = InfoPlist.strings;
			sourceTree = "<group>";
		};
/* End PBXVariantGroup section */

/* Begin XCBuildConfiguration section */
		DD7239001ABBB0C8004D70FE /* Debug */ = {
			isa = XCBuildConfiguration;
			buildSettings = {
				ALWAYS_SEARCH_USER_PATHS = NO;
				CLANG_CXX_LANGUAGE_STANDARD = "gnu++0x";
				CLANG_CXX_LIBRARY = "libc++";
				CLANG_ENABLE_MODULES = YES;
				CLANG_ENABLE_OBJC_ARC = YES;
				CLANG_WARN_BOOL_CONVERSION = YES;
				CLANG_WARN_CONSTANT_CONVERSION = YES;
				CLANG_WARN_DIRECT_OBJC_ISA_USAGE = YES_ERROR;
				CLANG_WARN_EMPTY_BODY = YES;
				CLANG_WARN_ENUM_CONVERSION = YES;
				CLANG_WARN_INT_CONVERSION = YES;
				CLANG_WARN_OBJC_ROOT_CLASS = YES_ERROR;
				CLANG_WARN__DUPLICATE_METHOD_MATCH = YES;
				"CODE_SIGN_IDENTITY[sdk=iphoneos*]" = "iPhone Developer";
				COPY_PHASE_STRIP = NO;
				GCC_C_LANGUAGE_STANDARD = gnu99;
				GCC_DYNAMIC_NO_PIC = NO;
				GCC_OPTIMIZATION_LEVEL = 0;
				GCC_PREPROCESSOR_DEFINITIONS = (
					"DEBUG=1",
					"$(inherited)",
				);
				GCC_SYMBOLS_PRIVATE_EXTERN = NO;
				GCC_WARN_64_TO_32_BIT_CONVERSION = YES;
				GCC_WARN_ABOUT_RETURN_TYPE = YES_ERROR;
				GCC_WARN_UNDECLARED_SELECTOR = YES;
				GCC_WARN_UNINITIALIZED_AUTOS = YES_AGGRESSIVE;
				GCC_WARN_UNUSED_FUNCTION = YES;
				GCC_WARN_UNUSED_VARIABLE = YES;
				IPHONEOS_DEPLOYMENT_TARGET = 7.1;
				ONLY_ACTIVE_ARCH = YES;
				SDKROOT = iphoneos;
			};
			name = Debug;
		};
		DD7239011ABBB0C8004D70FE /* Release */ = {
			isa = XCBuildConfiguration;
			buildSettings = {
				ALWAYS_SEARCH_USER_PATHS = NO;
				CLANG_CXX_LANGUAGE_STANDARD = "gnu++0x";
				CLANG_CXX_LIBRARY = "libc++";
				CLANG_ENABLE_MODULES = YES;
				CLANG_ENABLE_OBJC_ARC = YES;
				CLANG_WARN_BOOL_CONVERSION = YES;
				CLANG_WARN_CONSTANT_CONVERSION = YES;
				CLANG_WARN_DIRECT_OBJC_ISA_USAGE = YES_ERROR;
				CLANG_WARN_EMPTY_BODY = YES;
				CLANG_WARN_ENUM_CONVERSION = YES;
				CLANG_WARN_INT_CONVERSION = YES;
				CLANG_WARN_OBJC_ROOT_CLASS = YES_ERROR;
				CLANG_WARN__DUPLICATE_METHOD_MATCH = YES;
				"CODE_SIGN_IDENTITY[sdk=iphoneos*]" = "iPhone Developer";
				COPY_PHASE_STRIP = YES;
				ENABLE_NS_ASSERTIONS = NO;
				GCC_C_LANGUAGE_STANDARD = gnu99;
				GCC_WARN_64_TO_32_BIT_CONVERSION = YES;
				GCC_WARN_ABOUT_RETURN_TYPE = YES_ERROR;
				GCC_WARN_UNDECLARED_SELECTOR = YES;
				GCC_WARN_UNINITIALIZED_AUTOS = YES_AGGRESSIVE;
				GCC_WARN_UNUSED_FUNCTION = YES;
				GCC_WARN_UNUSED_VARIABLE = YES;
				IPHONEOS_DEPLOYMENT_TARGET = 7.1;
				SDKROOT = iphoneos;
				VALIDATE_PRODUCT = YES;
			};
			name = Release;
		};
		DD7239031ABBB0C8004D70FE /* Debug */ = {
			isa = XCBuildConfiguration;
			buildSettings = {
				ASSETCATALOG_COMPILER_APPICON_NAME = AppIcon;
				ASSETCATALOG_COMPILER_LAUNCHIMAGE_NAME = LaunchImage;
				CODE_SIGN_IDENTITY = "iPhone Developer";
				FRAMEWORK_SEARCH_PATHS = (
					"$(inherited)",
					"$(PROJECT_DIR)",
				);
				GCC_PRECOMPILE_PREFIX_HEADER = YES;
				GCC_PREFIX_HEADER = "RaoVat69/RaoVat69-Prefix.pch";
				HEADER_SEARCH_PATHS = (
					"$(inherited)",
					/Applications/Xcode.app/Contents/Developer/Toolchains/XcodeDefault.xctoolchain/usr/include,
				);
				INFOPLIST_FILE = "RaoVat69/RaoVat69-Info.plist";
				IPHONEOS_DEPLOYMENT_TARGET = 8.0;
				OTHER_LDFLAGS = "-ObjC";
				PRODUCT_NAME = "$(TARGET_NAME)";
				PROVISIONING_PROFILE = "";
				USER_HEADER_SEARCH_PATHS = "";
				WRAPPER_EXTENSION = app;
			};
			name = Debug;
		};
		DD7239041ABBB0C8004D70FE /* Release */ = {
			isa = XCBuildConfiguration;
			buildSettings = {
				ASSETCATALOG_COMPILER_APPICON_NAME = AppIcon;
				ASSETCATALOG_COMPILER_LAUNCHIMAGE_NAME = LaunchImage;
				CODE_SIGN_IDENTITY = "iPhone Developer";
				FRAMEWORK_SEARCH_PATHS = (
					"$(inherited)",
					"$(PROJECT_DIR)",
				);
				GCC_PRECOMPILE_PREFIX_HEADER = YES;
				GCC_PREFIX_HEADER = "RaoVat69/RaoVat69-Prefix.pch";
				HEADER_SEARCH_PATHS = (
					"$(inherited)",
					/Applications/Xcode.app/Contents/Developer/Toolchains/XcodeDefault.xctoolchain/usr/include,
				);
				INFOPLIST_FILE = "RaoVat69/RaoVat69-Info.plist";
				IPHONEOS_DEPLOYMENT_TARGET = 8.0;
				OTHER_LDFLAGS = "-ObjC";
				PRODUCT_NAME = "$(TARGET_NAME)";
				PROVISIONING_PROFILE = "";
				USER_HEADER_SEARCH_PATHS = "";
				WRAPPER_EXTENSION = app;
			};
			name = Release;
		};
		DD7239061ABBB0C8004D70FE /* Debug */ = {
			isa = XCBuildConfiguration;
			buildSettings = {
				BUNDLE_LOADER = "$(BUILT_PRODUCTS_DIR)/RaoVat69.app/RaoVat69";
				FRAMEWORK_SEARCH_PATHS = (
					"$(SDKROOT)/Developer/Library/Frameworks",
					"$(inherited)",
					"$(DEVELOPER_FRAMEWORKS_DIR)",
				);
				GCC_PRECOMPILE_PREFIX_HEADER = YES;
				GCC_PREFIX_HEADER = "RaoVat69/RaoVat69-Prefix.pch";
				GCC_PREPROCESSOR_DEFINITIONS = (
					"DEBUG=1",
					"$(inherited)",
				);
				INFOPLIST_FILE = "RaoVat69Tests/RaoVat69Tests-Info.plist";
				PRODUCT_NAME = "$(TARGET_NAME)";
				TEST_HOST = "$(BUNDLE_LOADER)";
				WRAPPER_EXTENSION = xctest;
			};
			name = Debug;
		};
		DD7239071ABBB0C8004D70FE /* Release */ = {
			isa = XCBuildConfiguration;
			buildSettings = {
				BUNDLE_LOADER = "$(BUILT_PRODUCTS_DIR)/RaoVat69.app/RaoVat69";
				FRAMEWORK_SEARCH_PATHS = (
					"$(SDKROOT)/Developer/Library/Frameworks",
					"$(inherited)",
					"$(DEVELOPER_FRAMEWORKS_DIR)",
				);
				GCC_PRECOMPILE_PREFIX_HEADER = YES;
				GCC_PREFIX_HEADER = "RaoVat69/RaoVat69-Prefix.pch";
				INFOPLIST_FILE = "RaoVat69Tests/RaoVat69Tests-Info.plist";
				PRODUCT_NAME = "$(TARGET_NAME)";
				TEST_HOST = "$(BUNDLE_LOADER)";
				WRAPPER_EXTENSION = xctest;
			};
			name = Release;
		};
/* End XCBuildConfiguration section */

/* Begin XCConfigurationList section */
		DD7238CB1ABBB0C8004D70FE /* Build configuration list for PBXProject "RaoVat69" */ = {
			isa = XCConfigurationList;
			buildConfigurations = (
				DD7239001ABBB0C8004D70FE /* Debug */,
				DD7239011ABBB0C8004D70FE /* Release */,
			);
			defaultConfigurationIsVisible = 0;
			defaultConfigurationName = Release;
		};
		DD7239021ABBB0C8004D70FE /* Build configuration list for PBXNativeTarget "RaoVat69" */ = {
			isa = XCConfigurationList;
			buildConfigurations = (
				DD7239031ABBB0C8004D70FE /* Debug */,
				DD7239041ABBB0C8004D70FE /* Release */,
			);
			defaultConfigurationIsVisible = 0;
			defaultConfigurationName = Release;
		};
		DD7239051ABBB0C8004D70FE /* Build configuration list for PBXNativeTarget "RaoVat69Tests" */ = {
			isa = XCConfigurationList;
			buildConfigurations = (
				DD7239061ABBB0C8004D70FE /* Debug */,
				DD7239071ABBB0C8004D70FE /* Release */,
			);
			defaultConfigurationIsVisible = 0;
			defaultConfigurationName = Release;
		};
/* End XCConfigurationList section */
	};
	rootObject = DD7238C81ABBB0C8004D70FE /* Project object */;
}
